
Microsoft Visual Studio Solution File, Format Version 12.00
# Visual Studio Version 17
VisualStudioVersion = 17.0.31919.166
MinimumVisualStudioVersion = 10.0.40219.1
Project("{FAE04EC0-301F-11D3-BF4B-00C04F79EFBC}") = "Operator", "Operator\Operator.csproj", "{2815AB6F-EA7A-4C49-8FA1-00B7CB13183A}"
EndProject
Project("{FAE04EC0-301F-11D3-BF4B-00C04F79EFBC}") = "Build from scratch", "Build from scratch\Build from scratch.csproj", "{014F6F48-DDA5-445F-91A7-96E3B29B2F74}"
EndProject
Project("{FAE04EC0-301F-11D3-BF4B-00C04F79EFBC}") = "PracticeUsingIfElse", "PracticeUsingIfElse\PracticeUsingIfElse.csproj", "{D0965037-0BFD-42BD-A57C-BF38FBFFB73F}"
EndProject
Project("{FAE04EC0-301F-11D3-BF4B-00C04F79EFBC}") = "PracticeUsingIfElse-winform", "PracticeUsingIfElse-winform\PracticeUsingIfElse-winform.csproj", "{80D229BF-BC17-4786-B4BE-8421B7C220D0}"
EndProject
Project("{FAE04EC0-301F-11D3-BF4B-00C04F79EFBC}") = "Color change", "Color change\Color change.csproj", "{2D7B4D41-6B9B-4061-828E-121A19E51663}"
EndProject
Project("{FAE04EC0-301F-11D3-BF4B-00C04F79EFBC}") = "Save the Humans", "Save the Humans\Save the Humans.csproj", "{8A45C906-CD47-4305-A2BA-3F933AAF2E32}"
EndProject
Project("{FAE04EC0-301F-11D3-BF4B-00C04F79EFBC}") = "Talker", "Talker\Talker.csproj", "{C1C33A2A-98FC-40B7-B71A-286FF9128685}"
EndProject
Project("{FAE04EC0-301F-11D3-BF4B-00C04F79EFBC}") = "Give and receive", "Give and receive\Give and receive.csproj", "{865B2C08-3CD7-4D27-9233-70CFBB29B334}"
EndProject
Project("{FAE04EC0-301F-11D3-BF4B-00C04F79EFBC}") = "change", "change\change.csproj", "{8274C444-EC42-41F0-A48F-0A8A3F446591}"
EndProject
Project("{FAE04EC0-301F-11D3-BF4B-00C04F79EFBC}") = "Mileage Calculator", "Mileage Calculator\Mileage Calculator.csproj", "{B89A9122-5BF6-42D5-A093-5C89D68D712B}"
EndProject
Project("{FAE04EC0-301F-11D3-BF4B-00C04F79EFBC}") = "Elephant", "Elephant\Elephant.csproj", "{AFD7FB57-6514-40CC-83B5-D65BAAFBB31A}"
EndProject
Project("{FAE04EC0-301F-11D3-BF4B-00C04F79EFBC}") = "MenuMaker", "MenuMaker\MenuMaker.csproj", "{D6888701-186C-4034-8240-FC5C720978AF}"
EndProject
Project("{FAE04EC0-301F-11D3-BF4B-00C04F79EFBC}") = "Type game", "Type game\Type game.csproj", "{FE7C166B-0FD3-4167-BFBC-1E65669390E3}"
EndProject
Project("{FAE04EC0-301F-11D3-BF4B-00C04F79EFBC}") = "Bouncing Lables", "Bouncing Lables\Bouncing Lables.csproj", "{49BEAA28-6480-4591-B768-7FC58ABC0A0B}"
EndProject
Project("{FAE04EC0-301F-11D3-BF4B-00C04F79EFBC}") = "A day at the races", "A day at the races\A day at the races.csproj", "{7578B61B-0ADE-4D0E-A044-0A18B68AA0DA}"
EndProject
Project("{FAE04EC0-301F-11D3-BF4B-00C04F79EFBC}") = "DinnerParty", "DinnerParty\DinnerParty.csproj", "{394128D8-B4B5-47CB-A046-938CF55185E8}"
EndProject
Project("{FAE04EC0-301F-11D3-BF4B-00C04F79EFBC}") = "Farmer", "Farmer\Farmer.csproj", "{D307DDE5-32F5-481F-BD06-27635330A7B4}"
EndProject
Project("{FAE04EC0-301F-11D3-BF4B-00C04F79EFBC}") = "DinnerParty NewEdition", "DinnerParty NewEdition\DinnerParty NewEdition.csproj", "{3AC38AB6-26A6-4733-918A-707C240B6446}"
EndProject
Project("{FAE04EC0-301F-11D3-BF4B-00C04F79EFBC}") = "Safe", "Safe\Safe.csproj", "{A20DBFCA-990B-4192-B11F-D4D86D26E70F}"
EndProject
Project("{FAE04EC0-301F-11D3-BF4B-00C04F79EFBC}") = "BaseAndSub", "BaseAndSub\BaseAndSub.csproj", "{CEC2C3C8-A15E-4693-9552-B78228383275}"
EndProject
Project("{FAE04EC0-301F-11D3-BF4B-00C04F79EFBC}") = "Party Planner", "..\Hfcsharp-third-edition\VS2013\Chapter_6\BirthdayParty_first_version\BirthdayParty_first_version\Party Planner.csproj", "{E9375353-1A35-4393-9BFA-2CAD37017640}"
EndProject
Project("{FAE04EC0-301F-11D3-BF4B-00C04F79EFBC}") = "Party Planner New", "Party Planner New\Party Planner New.csproj", "{22D3C160-7690-41CB-8B2A-6C678431C7D9}"
EndProject
Project("{FAE04EC0-301F-11D3-BF4B-00C04F79EFBC}") = "Help the bee", "Help the bee\Help the bee.csproj", "{1A72E264-52DA-470C-A27E-5B37A9D3CA31}"
EndProject
Project("{FAE04EC0-301F-11D3-BF4B-00C04F79EFBC}") = "Help the bee 2.0", "Help the bee 2.0\Help the bee 2.0.csproj", "{E8E9B2D1-D703-48FE-8973-40291E61D9D5}"
EndProject
Project("{FAE04EC0-301F-11D3-BF4B-00C04F79EFBC}") = "Interface practice", "Interface practice\Interface practice.csproj", "{AB0F82D0-0147-417D-871A-319D8289E003}"
EndProject
Project("{FAE04EC0-301F-11D3-BF4B-00C04F79EFBC}") = "Interface practice2", "Interface practice2\Interface practice2.csproj", "{51ADD778-F517-484E-98F4-00AD699F1295}"
EndProject
Project("{9A19103F-16F7-4668-BE54-9A1E7A4F7556}") = "A house", "A house\A house.csproj", "{A4B0D730-393B-424E-80DF-ABEAFC0F647A}"
EndProject
Project("{2150E333-8FDC-42A3-9474-1A3956D46DE8}") = "Solution Items", "Solution Items", "{529013F4-92E7-41B6-85AE-04334DAF91CC}"
	ProjectSection(SolutionItems) = preProject
		.editorconfig = .editorconfig
	EndProjectSection
EndProject
Project("{9A19103F-16F7-4668-BE54-9A1E7A4F7556}") = "Hide and seek", "Hide and seek\Hide and seek.csproj", "{96C8B3EF-E4E3-47E5-9061-E69771D7B018}"
EndProject
Project("{9A19103F-16F7-4668-BE54-9A1E7A4F7556}") = "Enum Practice", "Enum Practice\Enum Practice.csproj", "{0D803052-3EFC-4F1D-8EA8-C898C13CB9C1}"
EndProject
Project("{9A19103F-16F7-4668-BE54-9A1E7A4F7556}") = "List Practice", "List Practice\List Practice.csproj", "{81C50A29-AFED-4340-A42A-C7E99034C2F6}"
EndProject
Project("{9A19103F-16F7-4668-BE54-9A1E7A4F7556}") = "Duck", "Duck\Duck.csproj", "{BDF9D3F1-925A-45BC-9F84-9C63A14A8568}"
EndProject
Project("{9A19103F-16F7-4668-BE54-9A1E7A4F7556}") = "Card", "Card\Card.csproj", "{AD05CDEF-4228-4DE2-8A30-E086FD8AD2A6}"
EndProject
Project("{9A19103F-16F7-4668-BE54-9A1E7A4F7556}") = "Bird", "Bird\Bird.csproj", "{75C41032-A45E-448A-B559-FE6E1443446F}"
EndProject
Project("{9A19103F-16F7-4668-BE54-9A1E7A4F7556}") = "OverLoad", "OverLoad\OverLoad.csproj", "{68880352-A2C0-45C2-85F2-3913180518DD}"
EndProject
Project("{9A19103F-16F7-4668-BE54-9A1E7A4F7556}") = "Deck", "Deck\Deck.csproj", "{4ED75B99-C753-49B9-8BB6-A60CB612C85F}"
EndProject
Project("{FAE04EC0-301F-11D3-BF4B-00C04F79EFBC}") = "Dictionary Practice", "Dictionary Practice\Dictionary Practice.csproj", "{0B44DE39-062D-4F35-BA24-169CB012C0CD}"
EndProject
Project("{9A19103F-16F7-4668-BE54-9A1E7A4F7556}") = "Go fish", "Go fish\Go fish.csproj", "{681B334B-8506-42D6-B99D-64DBE552F79E}"
EndProject
Project("{FAE04EC0-301F-11D3-BF4B-00C04F79EFBC}") = "Breakfast for Lumberjacks", "Breakfast for Lumberjacks\Breakfast for Lumberjacks.csproj", "{A9C54ED2-F11E-4880-AA99-5A55392A24C9}"
EndProject
Project("{9A19103F-16F7-4668-BE54-9A1E7A4F7556}") = "FilePractice", "FilePractice\FilePractice.csproj", "{3C5B49FB-F02A-4195-BB25-84DDB41274C5}"
EndProject
Project("{FAE04EC0-301F-11D3-BF4B-00C04F79EFBC}") = "Macaw", "Macaw\Macaw.csproj", "{D02B4EC3-92C4-4E07-9672-9D39BE3CB849}"
EndProject
Project("{FAE04EC0-301F-11D3-BF4B-00C04F79EFBC}") = "EmailToCaptainAmazing", "EmailToCaptainAmazing\EmailToCaptainAmazing.csproj", "{27CCF978-EC6E-4823-A167-D82429B1B639}"
EndProject
Global
	GlobalSection(SolutionConfigurationPlatforms) = preSolution
		Debug|Any CPU = Debug|Any CPU
		Debug|ARM = Debug|ARM
		Debug|ARM64 = Debug|ARM64
		Debug|x64 = Debug|x64
		Debug|x86 = Debug|x86
		Release|Any CPU = Release|Any CPU
		Release|ARM = Release|ARM
		Release|ARM64 = Release|ARM64
		Release|x64 = Release|x64
		Release|x86 = Release|x86
	EndGlobalSection
	GlobalSection(ProjectConfigurationPlatforms) = postSolution
		{2815AB6F-EA7A-4C49-8FA1-00B7CB13183A}.Debug|Any CPU.ActiveCfg = Debug|x86
		{2815AB6F-EA7A-4C49-8FA1-00B7CB13183A}.Debug|ARM.ActiveCfg = Debug|ARM
		{2815AB6F-EA7A-4C49-8FA1-00B7CB13183A}.Debug|ARM.Build.0 = Debug|ARM
		{2815AB6F-EA7A-4C49-8FA1-00B7CB13183A}.Debug|ARM.Deploy.0 = Debug|ARM
		{2815AB6F-EA7A-4C49-8FA1-00B7CB13183A}.Debug|ARM64.ActiveCfg = Debug|ARM64
		{2815AB6F-EA7A-4C49-8FA1-00B7CB13183A}.Debug|ARM64.Build.0 = Debug|ARM64
		{2815AB6F-EA7A-4C49-8FA1-00B7CB13183A}.Debug|ARM64.Deploy.0 = Debug|ARM64
		{2815AB6F-EA7A-4C49-8FA1-00B7CB13183A}.Debug|x64.ActiveCfg = Debug|x64
		{2815AB6F-EA7A-4C49-8FA1-00B7CB13183A}.Debug|x64.Build.0 = Debug|x64
		{2815AB6F-EA7A-4C49-8FA1-00B7CB13183A}.Debug|x64.Deploy.0 = Debug|x64
		{2815AB6F-EA7A-4C49-8FA1-00B7CB13183A}.Debug|x86.ActiveCfg = Debug|x86
		{2815AB6F-EA7A-4C49-8FA1-00B7CB13183A}.Debug|x86.Build.0 = Debug|x86
		{2815AB6F-EA7A-4C49-8FA1-00B7CB13183A}.Debug|x86.Deploy.0 = Debug|x86
		{2815AB6F-EA7A-4C49-8FA1-00B7CB13183A}.Release|Any CPU.ActiveCfg = Release|x86
		{2815AB6F-EA7A-4C49-8FA1-00B7CB13183A}.Release|ARM.ActiveCfg = Release|ARM
		{2815AB6F-EA7A-4C49-8FA1-00B7CB13183A}.Release|ARM.Build.0 = Release|ARM
		{2815AB6F-EA7A-4C49-8FA1-00B7CB13183A}.Release|ARM.Deploy.0 = Release|ARM
		{2815AB6F-EA7A-4C49-8FA1-00B7CB13183A}.Release|ARM64.ActiveCfg = Release|ARM64
		{2815AB6F-EA7A-4C49-8FA1-00B7CB13183A}.Release|ARM64.Build.0 = Release|ARM64
		{2815AB6F-EA7A-4C49-8FA1-00B7CB13183A}.Release|ARM64.Deploy.0 = Release|ARM64
		{2815AB6F-EA7A-4C49-8FA1-00B7CB13183A}.Release|x64.ActiveCfg = Release|x64
		{2815AB6F-EA7A-4C49-8FA1-00B7CB13183A}.Release|x64.Build.0 = Release|x64
		{2815AB6F-EA7A-4C49-8FA1-00B7CB13183A}.Release|x64.Deploy.0 = Release|x64
		{2815AB6F-EA7A-4C49-8FA1-00B7CB13183A}.Release|x86.ActiveCfg = Release|x86
		{2815AB6F-EA7A-4C49-8FA1-00B7CB13183A}.Release|x86.Build.0 = Release|x86
		{2815AB6F-EA7A-4C49-8FA1-00B7CB13183A}.Release|x86.Deploy.0 = Release|x86
		{014F6F48-DDA5-445F-91A7-96E3B29B2F74}.Debug|Any CPU.ActiveCfg = Debug|x86
		{014F6F48-DDA5-445F-91A7-96E3B29B2F74}.Debug|ARM.ActiveCfg = Debug|ARM
		{014F6F48-DDA5-445F-91A7-96E3B29B2F74}.Debug|ARM.Build.0 = Debug|ARM
		{014F6F48-DDA5-445F-91A7-96E3B29B2F74}.Debug|ARM.Deploy.0 = Debug|ARM
		{014F6F48-DDA5-445F-91A7-96E3B29B2F74}.Debug|ARM64.ActiveCfg = Debug|ARM64
		{014F6F48-DDA5-445F-91A7-96E3B29B2F74}.Debug|ARM64.Build.0 = Debug|ARM64
		{014F6F48-DDA5-445F-91A7-96E3B29B2F74}.Debug|ARM64.Deploy.0 = Debug|ARM64
		{014F6F48-DDA5-445F-91A7-96E3B29B2F74}.Debug|x64.ActiveCfg = Debug|x64
		{014F6F48-DDA5-445F-91A7-96E3B29B2F74}.Debug|x64.Build.0 = Debug|x64
		{014F6F48-DDA5-445F-91A7-96E3B29B2F74}.Debug|x64.Deploy.0 = Debug|x64
		{014F6F48-DDA5-445F-91A7-96E3B29B2F74}.Debug|x86.ActiveCfg = Debug|x86
		{014F6F48-DDA5-445F-91A7-96E3B29B2F74}.Debug|x86.Build.0 = Debug|x86
		{014F6F48-DDA5-445F-91A7-96E3B29B2F74}.Debug|x86.Deploy.0 = Debug|x86
		{014F6F48-DDA5-445F-91A7-96E3B29B2F74}.Release|Any CPU.ActiveCfg = Release|x86
		{014F6F48-DDA5-445F-91A7-96E3B29B2F74}.Release|ARM.ActiveCfg = Release|ARM
		{014F6F48-DDA5-445F-91A7-96E3B29B2F74}.Release|ARM.Build.0 = Release|ARM
		{014F6F48-DDA5-445F-91A7-96E3B29B2F74}.Release|ARM.Deploy.0 = Release|ARM
		{014F6F48-DDA5-445F-91A7-96E3B29B2F74}.Release|ARM64.ActiveCfg = Release|ARM64
		{014F6F48-DDA5-445F-91A7-96E3B29B2F74}.Release|ARM64.Build.0 = Release|ARM64
		{014F6F48-DDA5-445F-91A7-96E3B29B2F74}.Release|ARM64.Deploy.0 = Release|ARM64
		{014F6F48-DDA5-445F-91A7-96E3B29B2F74}.Release|x64.ActiveCfg = Release|x64
		{014F6F48-DDA5-445F-91A7-96E3B29B2F74}.Release|x64.Build.0 = Release|x64
		{014F6F48-DDA5-445F-91A7-96E3B29B2F74}.Release|x64.Deploy.0 = Release|x64
		{014F6F48-DDA5-445F-91A7-96E3B29B2F74}.Release|x86.ActiveCfg = Release|x86
		{014F6F48-DDA5-445F-91A7-96E3B29B2F74}.Release|x86.Build.0 = Release|x86
		{014F6F48-DDA5-445F-91A7-96E3B29B2F74}.Release|x86.Deploy.0 = Release|x86
		{D0965037-0BFD-42BD-A57C-BF38FBFFB73F}.Debug|Any CPU.ActiveCfg = Debug|x86
		{D0965037-0BFD-42BD-A57C-BF38FBFFB73F}.Debug|ARM.ActiveCfg = Debug|ARM
		{D0965037-0BFD-42BD-A57C-BF38FBFFB73F}.Debug|ARM.Build.0 = Debug|ARM
		{D0965037-0BFD-42BD-A57C-BF38FBFFB73F}.Debug|ARM.Deploy.0 = Debug|ARM
		{D0965037-0BFD-42BD-A57C-BF38FBFFB73F}.Debug|ARM64.ActiveCfg = Debug|ARM64
		{D0965037-0BFD-42BD-A57C-BF38FBFFB73F}.Debug|ARM64.Build.0 = Debug|ARM64
		{D0965037-0BFD-42BD-A57C-BF38FBFFB73F}.Debug|ARM64.Deploy.0 = Debug|ARM64
		{D0965037-0BFD-42BD-A57C-BF38FBFFB73F}.Debug|x64.ActiveCfg = Debug|x64
		{D0965037-0BFD-42BD-A57C-BF38FBFFB73F}.Debug|x64.Build.0 = Debug|x64
		{D0965037-0BFD-42BD-A57C-BF38FBFFB73F}.Debug|x64.Deploy.0 = Debug|x64
		{D0965037-0BFD-42BD-A57C-BF38FBFFB73F}.Debug|x86.ActiveCfg = Debug|x86
		{D0965037-0BFD-42BD-A57C-BF38FBFFB73F}.Debug|x86.Build.0 = Debug|x86
		{D0965037-0BFD-42BD-A57C-BF38FBFFB73F}.Debug|x86.Deploy.0 = Debug|x86
		{D0965037-0BFD-42BD-A57C-BF38FBFFB73F}.Release|Any CPU.ActiveCfg = Release|x86
		{D0965037-0BFD-42BD-A57C-BF38FBFFB73F}.Release|ARM.ActiveCfg = Release|ARM
		{D0965037-0BFD-42BD-A57C-BF38FBFFB73F}.Release|ARM.Build.0 = Release|ARM
		{D0965037-0BFD-42BD-A57C-BF38FBFFB73F}.Release|ARM.Deploy.0 = Release|ARM
		{D0965037-0BFD-42BD-A57C-BF38FBFFB73F}.Release|ARM64.ActiveCfg = Release|ARM64
		{D0965037-0BFD-42BD-A57C-BF38FBFFB73F}.Release|ARM64.Build.0 = Release|ARM64
		{D0965037-0BFD-42BD-A57C-BF38FBFFB73F}.Release|ARM64.Deploy.0 = Release|ARM64
		{D0965037-0BFD-42BD-A57C-BF38FBFFB73F}.Release|x64.ActiveCfg = Release|x64
		{D0965037-0BFD-42BD-A57C-BF38FBFFB73F}.Release|x64.Build.0 = Release|x64
		{D0965037-0BFD-42BD-A57C-BF38FBFFB73F}.Release|x64.Deploy.0 = Release|x64
		{D0965037-0BFD-42BD-A57C-BF38FBFFB73F}.Release|x86.ActiveCfg = Release|x86
		{D0965037-0BFD-42BD-A57C-BF38FBFFB73F}.Release|x86.Build.0 = Release|x86
		{D0965037-0BFD-42BD-A57C-BF38FBFFB73F}.Release|x86.Deploy.0 = Release|x86
		{80D229BF-BC17-4786-B4BE-8421B7C220D0}.Debug|Any CPU.ActiveCfg = Debug|Any CPU
		{80D229BF-BC17-4786-B4BE-8421B7C220D0}.Debug|Any CPU.Build.0 = Debug|Any CPU
		{80D229BF-BC17-4786-B4BE-8421B7C220D0}.Debug|ARM.ActiveCfg = Debug|Any CPU
		{80D229BF-BC17-4786-B4BE-8421B7C220D0}.Debug|ARM.Build.0 = Debug|Any CPU
		{80D229BF-BC17-4786-B4BE-8421B7C220D0}.Debug|ARM64.ActiveCfg = Debug|Any CPU
		{80D229BF-BC17-4786-B4BE-8421B7C220D0}.Debug|ARM64.Build.0 = Debug|Any CPU
		{80D229BF-BC17-4786-B4BE-8421B7C220D0}.Debug|x64.ActiveCfg = Debug|Any CPU
		{80D229BF-BC17-4786-B4BE-8421B7C220D0}.Debug|x64.Build.0 = Debug|Any CPU
		{80D229BF-BC17-4786-B4BE-8421B7C220D0}.Debug|x86.ActiveCfg = Debug|Any CPU
		{80D229BF-BC17-4786-B4BE-8421B7C220D0}.Debug|x86.Build.0 = Debug|Any CPU
		{80D229BF-BC17-4786-B4BE-8421B7C220D0}.Release|Any CPU.ActiveCfg = Release|Any CPU
		{80D229BF-BC17-4786-B4BE-8421B7C220D0}.Release|Any CPU.Build.0 = Release|Any CPU
		{80D229BF-BC17-4786-B4BE-8421B7C220D0}.Release|ARM.ActiveCfg = Release|Any CPU
		{80D229BF-BC17-4786-B4BE-8421B7C220D0}.Release|ARM.Build.0 = Release|Any CPU
		{80D229BF-BC17-4786-B4BE-8421B7C220D0}.Release|ARM64.ActiveCfg = Release|Any CPU
		{80D229BF-BC17-4786-B4BE-8421B7C220D0}.Release|ARM64.Build.0 = Release|Any CPU
		{80D229BF-BC17-4786-B4BE-8421B7C220D0}.Release|x64.ActiveCfg = Release|Any CPU
		{80D229BF-BC17-4786-B4BE-8421B7C220D0}.Release|x64.Build.0 = Release|Any CPU
		{80D229BF-BC17-4786-B4BE-8421B7C220D0}.Release|x86.ActiveCfg = Release|Any CPU
		{80D229BF-BC17-4786-B4BE-8421B7C220D0}.Release|x86.Build.0 = Release|Any CPU
		{2D7B4D41-6B9B-4061-828E-121A19E51663}.Debug|Any CPU.ActiveCfg = Debug|Any CPU
		{2D7B4D41-6B9B-4061-828E-121A19E51663}.Debug|Any CPU.Build.0 = Debug|Any CPU
		{2D7B4D41-6B9B-4061-828E-121A19E51663}.Debug|ARM.ActiveCfg = Debug|Any CPU
		{2D7B4D41-6B9B-4061-828E-121A19E51663}.Debug|ARM.Build.0 = Debug|Any CPU
		{2D7B4D41-6B9B-4061-828E-121A19E51663}.Debug|ARM64.ActiveCfg = Debug|Any CPU
		{2D7B4D41-6B9B-4061-828E-121A19E51663}.Debug|ARM64.Build.0 = Debug|Any CPU
		{2D7B4D41-6B9B-4061-828E-121A19E51663}.Debug|x64.ActiveCfg = Debug|Any CPU
		{2D7B4D41-6B9B-4061-828E-121A19E51663}.Debug|x64.Build.0 = Debug|Any CPU
		{2D7B4D41-6B9B-4061-828E-121A19E51663}.Debug|x86.ActiveCfg = Debug|Any CPU
		{2D7B4D41-6B9B-4061-828E-121A19E51663}.Debug|x86.Build.0 = Debug|Any CPU
		{2D7B4D41-6B9B-4061-828E-121A19E51663}.Release|Any CPU.ActiveCfg = Release|Any CPU
		{2D7B4D41-6B9B-4061-828E-121A19E51663}.Release|Any CPU.Build.0 = Release|Any CPU
		{2D7B4D41-6B9B-4061-828E-121A19E51663}.Release|ARM.ActiveCfg = Release|Any CPU
		{2D7B4D41-6B9B-4061-828E-121A19E51663}.Release|ARM.Build.0 = Release|Any CPU
		{2D7B4D41-6B9B-4061-828E-121A19E51663}.Release|ARM64.ActiveCfg = Release|Any CPU
		{2D7B4D41-6B9B-4061-828E-121A19E51663}.Release|ARM64.Build.0 = Release|Any CPU
		{2D7B4D41-6B9B-4061-828E-121A19E51663}.Release|x64.ActiveCfg = Release|Any CPU
		{2D7B4D41-6B9B-4061-828E-121A19E51663}.Release|x64.Build.0 = Release|Any CPU
		{2D7B4D41-6B9B-4061-828E-121A19E51663}.Release|x86.ActiveCfg = Release|Any CPU
		{2D7B4D41-6B9B-4061-828E-121A19E51663}.Release|x86.Build.0 = Release|Any CPU
		{8A45C906-CD47-4305-A2BA-3F933AAF2E32}.Debug|Any CPU.ActiveCfg = Debug|x86
		{8A45C906-CD47-4305-A2BA-3F933AAF2E32}.Debug|ARM.ActiveCfg = Debug|ARM
		{8A45C906-CD47-4305-A2BA-3F933AAF2E32}.Debug|ARM.Build.0 = Debug|ARM
		{8A45C906-CD47-4305-A2BA-3F933AAF2E32}.Debug|ARM.Deploy.0 = Debug|ARM
		{8A45C906-CD47-4305-A2BA-3F933AAF2E32}.Debug|ARM64.ActiveCfg = Debug|ARM64
		{8A45C906-CD47-4305-A2BA-3F933AAF2E32}.Debug|ARM64.Build.0 = Debug|ARM64
		{8A45C906-CD47-4305-A2BA-3F933AAF2E32}.Debug|ARM64.Deploy.0 = Debug|ARM64
		{8A45C906-CD47-4305-A2BA-3F933AAF2E32}.Debug|x64.ActiveCfg = Debug|x64
		{8A45C906-CD47-4305-A2BA-3F933AAF2E32}.Debug|x64.Build.0 = Debug|x64
		{8A45C906-CD47-4305-A2BA-3F933AAF2E32}.Debug|x64.Deploy.0 = Debug|x64
		{8A45C906-CD47-4305-A2BA-3F933AAF2E32}.Debug|x86.ActiveCfg = Debug|x86
		{8A45C906-CD47-4305-A2BA-3F933AAF2E32}.Debug|x86.Build.0 = Debug|x86
		{8A45C906-CD47-4305-A2BA-3F933AAF2E32}.Debug|x86.Deploy.0 = Debug|x86
		{8A45C906-CD47-4305-A2BA-3F933AAF2E32}.Release|Any CPU.ActiveCfg = Release|x86
		{8A45C906-CD47-4305-A2BA-3F933AAF2E32}.Release|ARM.ActiveCfg = Release|ARM
		{8A45C906-CD47-4305-A2BA-3F933AAF2E32}.Release|ARM.Build.0 = Release|ARM
		{8A45C906-CD47-4305-A2BA-3F933AAF2E32}.Release|ARM.Deploy.0 = Release|ARM
		{8A45C906-CD47-4305-A2BA-3F933AAF2E32}.Release|ARM64.ActiveCfg = Release|ARM64
		{8A45C906-CD47-4305-A2BA-3F933AAF2E32}.Release|ARM64.Build.0 = Release|ARM64
		{8A45C906-CD47-4305-A2BA-3F933AAF2E32}.Release|ARM64.Deploy.0 = Release|ARM64
		{8A45C906-CD47-4305-A2BA-3F933AAF2E32}.Release|x64.ActiveCfg = Release|x64
		{8A45C906-CD47-4305-A2BA-3F933AAF2E32}.Release|x64.Build.0 = Release|x64
		{8A45C906-CD47-4305-A2BA-3F933AAF2E32}.Release|x64.Deploy.0 = Release|x64
		{8A45C906-CD47-4305-A2BA-3F933AAF2E32}.Release|x86.ActiveCfg = Release|x86
		{8A45C906-CD47-4305-A2BA-3F933AAF2E32}.Release|x86.Build.0 = Release|x86
		{8A45C906-CD47-4305-A2BA-3F933AAF2E32}.Release|x86.Deploy.0 = Release|x86
		{C1C33A2A-98FC-40B7-B71A-286FF9128685}.Debug|Any CPU.ActiveCfg = Debug|Any CPU
		{C1C33A2A-98FC-40B7-B71A-286FF9128685}.Debug|Any CPU.Build.0 = Debug|Any CPU
		{C1C33A2A-98FC-40B7-B71A-286FF9128685}.Debug|ARM.ActiveCfg = Debug|Any CPU
		{C1C33A2A-98FC-40B7-B71A-286FF9128685}.Debug|ARM.Build.0 = Debug|Any CPU
		{C1C33A2A-98FC-40B7-B71A-286FF9128685}.Debug|ARM64.ActiveCfg = Debug|Any CPU
		{C1C33A2A-98FC-40B7-B71A-286FF9128685}.Debug|ARM64.Build.0 = Debug|Any CPU
		{C1C33A2A-98FC-40B7-B71A-286FF9128685}.Debug|x64.ActiveCfg = Debug|Any CPU
		{C1C33A2A-98FC-40B7-B71A-286FF9128685}.Debug|x64.Build.0 = Debug|Any CPU
		{C1C33A2A-98FC-40B7-B71A-286FF9128685}.Debug|x86.ActiveCfg = Debug|Any CPU
		{C1C33A2A-98FC-40B7-B71A-286FF9128685}.Debug|x86.Build.0 = Debug|Any CPU
		{C1C33A2A-98FC-40B7-B71A-286FF9128685}.Release|Any CPU.ActiveCfg = Release|Any CPU
		{C1C33A2A-98FC-40B7-B71A-286FF9128685}.Release|Any CPU.Build.0 = Release|Any CPU
		{C1C33A2A-98FC-40B7-B71A-286FF9128685}.Release|ARM.ActiveCfg = Release|Any CPU
		{C1C33A2A-98FC-40B7-B71A-286FF9128685}.Release|ARM.Build.0 = Release|Any CPU
		{C1C33A2A-98FC-40B7-B71A-286FF9128685}.Release|ARM64.ActiveCfg = Release|Any CPU
		{C1C33A2A-98FC-40B7-B71A-286FF9128685}.Release|ARM64.Build.0 = Release|Any CPU
		{C1C33A2A-98FC-40B7-B71A-286FF9128685}.Release|x64.ActiveCfg = Release|Any CPU
		{C1C33A2A-98FC-40B7-B71A-286FF9128685}.Release|x64.Build.0 = Release|Any CPU
		{C1C33A2A-98FC-40B7-B71A-286FF9128685}.Release|x86.ActiveCfg = Release|Any CPU
		{C1C33A2A-98FC-40B7-B71A-286FF9128685}.Release|x86.Build.0 = Release|Any CPU
		{865B2C08-3CD7-4D27-9233-70CFBB29B334}.Debug|Any CPU.ActiveCfg = Debug|Any CPU
		{865B2C08-3CD7-4D27-9233-70CFBB29B334}.Debug|Any CPU.Build.0 = Debug|Any CPU
		{865B2C08-3CD7-4D27-9233-70CFBB29B334}.Debug|ARM.ActiveCfg = Debug|Any CPU
		{865B2C08-3CD7-4D27-9233-70CFBB29B334}.Debug|ARM.Build.0 = Debug|Any CPU
		{865B2C08-3CD7-4D27-9233-70CFBB29B334}.Debug|ARM64.ActiveCfg = Debug|Any CPU
		{865B2C08-3CD7-4D27-9233-70CFBB29B334}.Debug|ARM64.Build.0 = Debug|Any CPU
		{865B2C08-3CD7-4D27-9233-70CFBB29B334}.Debug|x64.ActiveCfg = Debug|Any CPU
		{865B2C08-3CD7-4D27-9233-70CFBB29B334}.Debug|x64.Build.0 = Debug|Any CPU
		{865B2C08-3CD7-4D27-9233-70CFBB29B334}.Debug|x86.ActiveCfg = Debug|Any CPU
		{865B2C08-3CD7-4D27-9233-70CFBB29B334}.Debug|x86.Build.0 = Debug|Any CPU
		{865B2C08-3CD7-4D27-9233-70CFBB29B334}.Release|Any CPU.ActiveCfg = Release|Any CPU
		{865B2C08-3CD7-4D27-9233-70CFBB29B334}.Release|Any CPU.Build.0 = Release|Any CPU
		{865B2C08-3CD7-4D27-9233-70CFBB29B334}.Release|ARM.ActiveCfg = Release|Any CPU
		{865B2C08-3CD7-4D27-9233-70CFBB29B334}.Release|ARM.Build.0 = Release|Any CPU
		{865B2C08-3CD7-4D27-9233-70CFBB29B334}.Release|ARM64.ActiveCfg = Release|Any CPU
		{865B2C08-3CD7-4D27-9233-70CFBB29B334}.Release|ARM64.Build.0 = Release|Any CPU
		{865B2C08-3CD7-4D27-9233-70CFBB29B334}.Release|x64.ActiveCfg = Release|Any CPU
		{865B2C08-3CD7-4D27-9233-70CFBB29B334}.Release|x64.Build.0 = Release|Any CPU
		{865B2C08-3CD7-4D27-9233-70CFBB29B334}.Release|x86.ActiveCfg = Release|Any CPU
		{865B2C08-3CD7-4D27-9233-70CFBB29B334}.Release|x86.Build.0 = Release|Any CPU
		{8274C444-EC42-41F0-A48F-0A8A3F446591}.Debug|Any CPU.ActiveCfg = Debug|Any CPU
		{8274C444-EC42-41F0-A48F-0A8A3F446591}.Debug|Any CPU.Build.0 = Debug|Any CPU
		{8274C444-EC42-41F0-A48F-0A8A3F446591}.Debug|ARM.ActiveCfg = Debug|Any CPU
		{8274C444-EC42-41F0-A48F-0A8A3F446591}.Debug|ARM.Build.0 = Debug|Any CPU
		{8274C444-EC42-41F0-A48F-0A8A3F446591}.Debug|ARM64.ActiveCfg = Debug|Any CPU
		{8274C444-EC42-41F0-A48F-0A8A3F446591}.Debug|ARM64.Build.0 = Debug|Any CPU
		{8274C444-EC42-41F0-A48F-0A8A3F446591}.Debug|x64.ActiveCfg = Debug|Any CPU
		{8274C444-EC42-41F0-A48F-0A8A3F446591}.Debug|x64.Build.0 = Debug|Any CPU
		{8274C444-EC42-41F0-A48F-0A8A3F446591}.Debug|x86.ActiveCfg = Debug|Any CPU
		{8274C444-EC42-41F0-A48F-0A8A3F446591}.Debug|x86.Build.0 = Debug|Any CPU
		{8274C444-EC42-41F0-A48F-0A8A3F446591}.Release|Any CPU.ActiveCfg = Release|Any CPU
		{8274C444-EC42-41F0-A48F-0A8A3F446591}.Release|Any CPU.Build.0 = Release|Any CPU
		{8274C444-EC42-41F0-A48F-0A8A3F446591}.Release|ARM.ActiveCfg = Release|Any CPU
		{8274C444-EC42-41F0-A48F-0A8A3F446591}.Release|ARM.Build.0 = Release|Any CPU
		{8274C444-EC42-41F0-A48F-0A8A3F446591}.Release|ARM64.ActiveCfg = Release|Any CPU
		{8274C444-EC42-41F0-A48F-0A8A3F446591}.Release|ARM64.Build.0 = Release|Any CPU
		{8274C444-EC42-41F0-A48F-0A8A3F446591}.Release|x64.ActiveCfg = Release|Any CPU
		{8274C444-EC42-41F0-A48F-0A8A3F446591}.Release|x64.Build.0 = Release|Any CPU
		{8274C444-EC42-41F0-A48F-0A8A3F446591}.Release|x86.ActiveCfg = Release|Any CPU
		{8274C444-EC42-41F0-A48F-0A8A3F446591}.Release|x86.Build.0 = Release|Any CPU
		{B89A9122-5BF6-42D5-A093-5C89D68D712B}.Debug|Any CPU.ActiveCfg = Debug|Any CPU
		{B89A9122-5BF6-42D5-A093-5C89D68D712B}.Debug|Any CPU.Build.0 = Debug|Any CPU
		{B89A9122-5BF6-42D5-A093-5C89D68D712B}.Debug|ARM.ActiveCfg = Debug|Any CPU
		{B89A9122-5BF6-42D5-A093-5C89D68D712B}.Debug|ARM.Build.0 = Debug|Any CPU
		{B89A9122-5BF6-42D5-A093-5C89D68D712B}.Debug|ARM64.ActiveCfg = Debug|Any CPU
		{B89A9122-5BF6-42D5-A093-5C89D68D712B}.Debug|ARM64.Build.0 = Debug|Any CPU
		{B89A9122-5BF6-42D5-A093-5C89D68D712B}.Debug|x64.ActiveCfg = Debug|Any CPU
		{B89A9122-5BF6-42D5-A093-5C89D68D712B}.Debug|x64.Build.0 = Debug|Any CPU
		{B89A9122-5BF6-42D5-A093-5C89D68D712B}.Debug|x86.ActiveCfg = Debug|Any CPU
		{B89A9122-5BF6-42D5-A093-5C89D68D712B}.Debug|x86.Build.0 = Debug|Any CPU
		{B89A9122-5BF6-42D5-A093-5C89D68D712B}.Release|Any CPU.ActiveCfg = Release|Any CPU
		{B89A9122-5BF6-42D5-A093-5C89D68D712B}.Release|Any CPU.Build.0 = Release|Any CPU
		{B89A9122-5BF6-42D5-A093-5C89D68D712B}.Release|ARM.ActiveCfg = Release|Any CPU
		{B89A9122-5BF6-42D5-A093-5C89D68D712B}.Release|ARM.Build.0 = Release|Any CPU
		{B89A9122-5BF6-42D5-A093-5C89D68D712B}.Release|ARM64.ActiveCfg = Release|Any CPU
		{B89A9122-5BF6-42D5-A093-5C89D68D712B}.Release|ARM64.Build.0 = Release|Any CPU
		{B89A9122-5BF6-42D5-A093-5C89D68D712B}.Release|x64.ActiveCfg = Release|Any CPU
		{B89A9122-5BF6-42D5-A093-5C89D68D712B}.Release|x64.Build.0 = Release|Any CPU
		{B89A9122-5BF6-42D5-A093-5C89D68D712B}.Release|x86.ActiveCfg = Release|Any CPU
		{B89A9122-5BF6-42D5-A093-5C89D68D712B}.Release|x86.Build.0 = Release|Any CPU
		{AFD7FB57-6514-40CC-83B5-D65BAAFBB31A}.Debug|Any CPU.ActiveCfg = Debug|Any CPU
		{AFD7FB57-6514-40CC-83B5-D65BAAFBB31A}.Debug|Any CPU.Build.0 = Debug|Any CPU
		{AFD7FB57-6514-40CC-83B5-D65BAAFBB31A}.Debug|ARM.ActiveCfg = Debug|Any CPU
		{AFD7FB57-6514-40CC-83B5-D65BAAFBB31A}.Debug|ARM.Build.0 = Debug|Any CPU
		{AFD7FB57-6514-40CC-83B5-D65BAAFBB31A}.Debug|ARM64.ActiveCfg = Debug|Any CPU
		{AFD7FB57-6514-40CC-83B5-D65BAAFBB31A}.Debug|ARM64.Build.0 = Debug|Any CPU
		{AFD7FB57-6514-40CC-83B5-D65BAAFBB31A}.Debug|x64.ActiveCfg = Debug|Any CPU
		{AFD7FB57-6514-40CC-83B5-D65BAAFBB31A}.Debug|x64.Build.0 = Debug|Any CPU
		{AFD7FB57-6514-40CC-83B5-D65BAAFBB31A}.Debug|x86.ActiveCfg = Debug|Any CPU
		{AFD7FB57-6514-40CC-83B5-D65BAAFBB31A}.Debug|x86.Build.0 = Debug|Any CPU
		{AFD7FB57-6514-40CC-83B5-D65BAAFBB31A}.Release|Any CPU.ActiveCfg = Release|Any CPU
		{AFD7FB57-6514-40CC-83B5-D65BAAFBB31A}.Release|Any CPU.Build.0 = Release|Any CPU
		{AFD7FB57-6514-40CC-83B5-D65BAAFBB31A}.Release|ARM.ActiveCfg = Release|Any CPU
		{AFD7FB57-6514-40CC-83B5-D65BAAFBB31A}.Release|ARM.Build.0 = Release|Any CPU
		{AFD7FB57-6514-40CC-83B5-D65BAAFBB31A}.Release|ARM64.ActiveCfg = Release|Any CPU
		{AFD7FB57-6514-40CC-83B5-D65BAAFBB31A}.Release|ARM64.Build.0 = Release|Any CPU
		{AFD7FB57-6514-40CC-83B5-D65BAAFBB31A}.Release|x64.ActiveCfg = Release|Any CPU
		{AFD7FB57-6514-40CC-83B5-D65BAAFBB31A}.Release|x64.Build.0 = Release|Any CPU
		{AFD7FB57-6514-40CC-83B5-D65BAAFBB31A}.Release|x86.ActiveCfg = Release|Any CPU
		{AFD7FB57-6514-40CC-83B5-D65BAAFBB31A}.Release|x86.Build.0 = Release|Any CPU
		{D6888701-186C-4034-8240-FC5C720978AF}.Debug|Any CPU.ActiveCfg = Debug|Any CPU
		{D6888701-186C-4034-8240-FC5C720978AF}.Debug|Any CPU.Build.0 = Debug|Any CPU
		{D6888701-186C-4034-8240-FC5C720978AF}.Debug|ARM.ActiveCfg = Debug|Any CPU
		{D6888701-186C-4034-8240-FC5C720978AF}.Debug|ARM.Build.0 = Debug|Any CPU
		{D6888701-186C-4034-8240-FC5C720978AF}.Debug|ARM64.ActiveCfg = Debug|Any CPU
		{D6888701-186C-4034-8240-FC5C720978AF}.Debug|ARM64.Build.0 = Debug|Any CPU
		{D6888701-186C-4034-8240-FC5C720978AF}.Debug|x64.ActiveCfg = Debug|Any CPU
		{D6888701-186C-4034-8240-FC5C720978AF}.Debug|x64.Build.0 = Debug|Any CPU
		{D6888701-186C-4034-8240-FC5C720978AF}.Debug|x86.ActiveCfg = Debug|Any CPU
		{D6888701-186C-4034-8240-FC5C720978AF}.Debug|x86.Build.0 = Debug|Any CPU
		{D6888701-186C-4034-8240-FC5C720978AF}.Release|Any CPU.ActiveCfg = Release|Any CPU
		{D6888701-186C-4034-8240-FC5C720978AF}.Release|Any CPU.Build.0 = Release|Any CPU
		{D6888701-186C-4034-8240-FC5C720978AF}.Release|ARM.ActiveCfg = Release|Any CPU
		{D6888701-186C-4034-8240-FC5C720978AF}.Release|ARM.Build.0 = Release|Any CPU
		{D6888701-186C-4034-8240-FC5C720978AF}.Release|ARM64.ActiveCfg = Release|Any CPU
		{D6888701-186C-4034-8240-FC5C720978AF}.Release|ARM64.Build.0 = Release|Any CPU
		{D6888701-186C-4034-8240-FC5C720978AF}.Release|x64.ActiveCfg = Release|Any CPU
		{D6888701-186C-4034-8240-FC5C720978AF}.Release|x64.Build.0 = Release|Any CPU
		{D6888701-186C-4034-8240-FC5C720978AF}.Release|x86.ActiveCfg = Release|Any CPU
		{D6888701-186C-4034-8240-FC5C720978AF}.Release|x86.Build.0 = Release|Any CPU
		{FE7C166B-0FD3-4167-BFBC-1E65669390E3}.Debug|Any CPU.ActiveCfg = Debug|Any CPU
		{FE7C166B-0FD3-4167-BFBC-1E65669390E3}.Debug|Any CPU.Build.0 = Debug|Any CPU
		{FE7C166B-0FD3-4167-BFBC-1E65669390E3}.Debug|ARM.ActiveCfg = Debug|Any CPU
		{FE7C166B-0FD3-4167-BFBC-1E65669390E3}.Debug|ARM.Build.0 = Debug|Any CPU
		{FE7C166B-0FD3-4167-BFBC-1E65669390E3}.Debug|ARM64.ActiveCfg = Debug|Any CPU
		{FE7C166B-0FD3-4167-BFBC-1E65669390E3}.Debug|ARM64.Build.0 = Debug|Any CPU
		{FE7C166B-0FD3-4167-BFBC-1E65669390E3}.Debug|x64.ActiveCfg = Debug|Any CPU
		{FE7C166B-0FD3-4167-BFBC-1E65669390E3}.Debug|x64.Build.0 = Debug|Any CPU
		{FE7C166B-0FD3-4167-BFBC-1E65669390E3}.Debug|x86.ActiveCfg = Debug|Any CPU
		{FE7C166B-0FD3-4167-BFBC-1E65669390E3}.Debug|x86.Build.0 = Debug|Any CPU
		{FE7C166B-0FD3-4167-BFBC-1E65669390E3}.Release|Any CPU.ActiveCfg = Release|Any CPU
		{FE7C166B-0FD3-4167-BFBC-1E65669390E3}.Release|Any CPU.Build.0 = Release|Any CPU
		{FE7C166B-0FD3-4167-BFBC-1E65669390E3}.Release|ARM.ActiveCfg = Release|Any CPU
		{FE7C166B-0FD3-4167-BFBC-1E65669390E3}.Release|ARM.Build.0 = Release|Any CPU
		{FE7C166B-0FD3-4167-BFBC-1E65669390E3}.Release|ARM64.ActiveCfg = Release|Any CPU
		{FE7C166B-0FD3-4167-BFBC-1E65669390E3}.Release|ARM64.Build.0 = Release|Any CPU
		{FE7C166B-0FD3-4167-BFBC-1E65669390E3}.Release|x64.ActiveCfg = Release|Any CPU
		{FE7C166B-0FD3-4167-BFBC-1E65669390E3}.Release|x64.Build.0 = Release|Any CPU
		{FE7C166B-0FD3-4167-BFBC-1E65669390E3}.Release|x86.ActiveCfg = Release|Any CPU
		{FE7C166B-0FD3-4167-BFBC-1E65669390E3}.Release|x86.Build.0 = Release|Any CPU
		{49BEAA28-6480-4591-B768-7FC58ABC0A0B}.Debug|Any CPU.ActiveCfg = Debug|Any CPU
		{49BEAA28-6480-4591-B768-7FC58ABC0A0B}.Debug|Any CPU.Build.0 = Debug|Any CPU
		{49BEAA28-6480-4591-B768-7FC58ABC0A0B}.Debug|ARM.ActiveCfg = Debug|Any CPU
		{49BEAA28-6480-4591-B768-7FC58ABC0A0B}.Debug|ARM.Build.0 = Debug|Any CPU
		{49BEAA28-6480-4591-B768-7FC58ABC0A0B}.Debug|ARM64.ActiveCfg = Debug|Any CPU
		{49BEAA28-6480-4591-B768-7FC58ABC0A0B}.Debug|ARM64.Build.0 = Debug|Any CPU
		{49BEAA28-6480-4591-B768-7FC58ABC0A0B}.Debug|x64.ActiveCfg = Debug|Any CPU
		{49BEAA28-6480-4591-B768-7FC58ABC0A0B}.Debug|x64.Build.0 = Debug|Any CPU
		{49BEAA28-6480-4591-B768-7FC58ABC0A0B}.Debug|x86.ActiveCfg = Debug|Any CPU
		{49BEAA28-6480-4591-B768-7FC58ABC0A0B}.Debug|x86.Build.0 = Debug|Any CPU
		{49BEAA28-6480-4591-B768-7FC58ABC0A0B}.Release|Any CPU.ActiveCfg = Release|Any CPU
		{49BEAA28-6480-4591-B768-7FC58ABC0A0B}.Release|Any CPU.Build.0 = Release|Any CPU
		{49BEAA28-6480-4591-B768-7FC58ABC0A0B}.Release|ARM.ActiveCfg = Release|Any CPU
		{49BEAA28-6480-4591-B768-7FC58ABC0A0B}.Release|ARM.Build.0 = Release|Any CPU
		{49BEAA28-6480-4591-B768-7FC58ABC0A0B}.Release|ARM64.ActiveCfg = Release|Any CPU
		{49BEAA28-6480-4591-B768-7FC58ABC0A0B}.Release|ARM64.Build.0 = Release|Any CPU
		{49BEAA28-6480-4591-B768-7FC58ABC0A0B}.Release|x64.ActiveCfg = Release|Any CPU
		{49BEAA28-6480-4591-B768-7FC58ABC0A0B}.Release|x64.Build.0 = Release|Any CPU
		{49BEAA28-6480-4591-B768-7FC58ABC0A0B}.Release|x86.ActiveCfg = Release|Any CPU
		{49BEAA28-6480-4591-B768-7FC58ABC0A0B}.Release|x86.Build.0 = Release|Any CPU
		{7578B61B-0ADE-4D0E-A044-0A18B68AA0DA}.Debug|Any CPU.ActiveCfg = Debug|Any CPU
		{7578B61B-0ADE-4D0E-A044-0A18B68AA0DA}.Debug|Any CPU.Build.0 = Debug|Any CPU
		{7578B61B-0ADE-4D0E-A044-0A18B68AA0DA}.Debug|ARM.ActiveCfg = Debug|Any CPU
		{7578B61B-0ADE-4D0E-A044-0A18B68AA0DA}.Debug|ARM.Build.0 = Debug|Any CPU
		{7578B61B-0ADE-4D0E-A044-0A18B68AA0DA}.Debug|ARM64.ActiveCfg = Debug|Any CPU
		{7578B61B-0ADE-4D0E-A044-0A18B68AA0DA}.Debug|ARM64.Build.0 = Debug|Any CPU
		{7578B61B-0ADE-4D0E-A044-0A18B68AA0DA}.Debug|x64.ActiveCfg = Debug|Any CPU
		{7578B61B-0ADE-4D0E-A044-0A18B68AA0DA}.Debug|x64.Build.0 = Debug|Any CPU
		{7578B61B-0ADE-4D0E-A044-0A18B68AA0DA}.Debug|x86.ActiveCfg = Debug|Any CPU
		{7578B61B-0ADE-4D0E-A044-0A18B68AA0DA}.Debug|x86.Build.0 = Debug|Any CPU
		{7578B61B-0ADE-4D0E-A044-0A18B68AA0DA}.Release|Any CPU.ActiveCfg = Release|Any CPU
		{7578B61B-0ADE-4D0E-A044-0A18B68AA0DA}.Release|Any CPU.Build.0 = Release|Any CPU
		{7578B61B-0ADE-4D0E-A044-0A18B68AA0DA}.Release|ARM.ActiveCfg = Release|Any CPU
		{7578B61B-0ADE-4D0E-A044-0A18B68AA0DA}.Release|ARM.Build.0 = Release|Any CPU
		{7578B61B-0ADE-4D0E-A044-0A18B68AA0DA}.Release|ARM64.ActiveCfg = Release|Any CPU
		{7578B61B-0ADE-4D0E-A044-0A18B68AA0DA}.Release|ARM64.Build.0 = Release|Any CPU
		{7578B61B-0ADE-4D0E-A044-0A18B68AA0DA}.Release|x64.ActiveCfg = Release|Any CPU
		{7578B61B-0ADE-4D0E-A044-0A18B68AA0DA}.Release|x64.Build.0 = Release|Any CPU
		{7578B61B-0ADE-4D0E-A044-0A18B68AA0DA}.Release|x86.ActiveCfg = Release|Any CPU
		{7578B61B-0ADE-4D0E-A044-0A18B68AA0DA}.Release|x86.Build.0 = Release|Any CPU
		{394128D8-B4B5-47CB-A046-938CF55185E8}.Debug|Any CPU.ActiveCfg = Debug|Any CPU
		{394128D8-B4B5-47CB-A046-938CF55185E8}.Debug|Any CPU.Build.0 = Debug|Any CPU
		{394128D8-B4B5-47CB-A046-938CF55185E8}.Debug|ARM.ActiveCfg = Debug|Any CPU
		{394128D8-B4B5-47CB-A046-938CF55185E8}.Debug|ARM.Build.0 = Debug|Any CPU
		{394128D8-B4B5-47CB-A046-938CF55185E8}.Debug|ARM64.ActiveCfg = Debug|Any CPU
		{394128D8-B4B5-47CB-A046-938CF55185E8}.Debug|ARM64.Build.0 = Debug|Any CPU
		{394128D8-B4B5-47CB-A046-938CF55185E8}.Debug|x64.ActiveCfg = Debug|Any CPU
		{394128D8-B4B5-47CB-A046-938CF55185E8}.Debug|x64.Build.0 = Debug|Any CPU
		{394128D8-B4B5-47CB-A046-938CF55185E8}.Debug|x86.ActiveCfg = Debug|Any CPU
		{394128D8-B4B5-47CB-A046-938CF55185E8}.Debug|x86.Build.0 = Debug|Any CPU
		{394128D8-B4B5-47CB-A046-938CF55185E8}.Release|Any CPU.ActiveCfg = Release|Any CPU
		{394128D8-B4B5-47CB-A046-938CF55185E8}.Release|Any CPU.Build.0 = Release|Any CPU
		{394128D8-B4B5-47CB-A046-938CF55185E8}.Release|ARM.ActiveCfg = Release|Any CPU
		{394128D8-B4B5-47CB-A046-938CF55185E8}.Release|ARM.Build.0 = Release|Any CPU
		{394128D8-B4B5-47CB-A046-938CF55185E8}.Release|ARM64.ActiveCfg = Release|Any CPU
		{394128D8-B4B5-47CB-A046-938CF55185E8}.Release|ARM64.Build.0 = Release|Any CPU
		{394128D8-B4B5-47CB-A046-938CF55185E8}.Release|x64.ActiveCfg = Release|Any CPU
		{394128D8-B4B5-47CB-A046-938CF55185E8}.Release|x64.Build.0 = Release|Any CPU
		{394128D8-B4B5-47CB-A046-938CF55185E8}.Release|x86.ActiveCfg = Release|Any CPU
		{394128D8-B4B5-47CB-A046-938CF55185E8}.Release|x86.Build.0 = Release|Any CPU
		{D307DDE5-32F5-481F-BD06-27635330A7B4}.Debug|Any CPU.ActiveCfg = Debug|Any CPU
		{D307DDE5-32F5-481F-BD06-27635330A7B4}.Debug|Any CPU.Build.0 = Debug|Any CPU
		{D307DDE5-32F5-481F-BD06-27635330A7B4}.Debug|ARM.ActiveCfg = Debug|Any CPU
		{D307DDE5-32F5-481F-BD06-27635330A7B4}.Debug|ARM.Build.0 = Debug|Any CPU
		{D307DDE5-32F5-481F-BD06-27635330A7B4}.Debug|ARM64.ActiveCfg = Debug|Any CPU
		{D307DDE5-32F5-481F-BD06-27635330A7B4}.Debug|ARM64.Build.0 = Debug|Any CPU
		{D307DDE5-32F5-481F-BD06-27635330A7B4}.Debug|x64.ActiveCfg = Debug|Any CPU
		{D307DDE5-32F5-481F-BD06-27635330A7B4}.Debug|x64.Build.0 = Debug|Any CPU
		{D307DDE5-32F5-481F-BD06-27635330A7B4}.Debug|x86.ActiveCfg = Debug|Any CPU
		{D307DDE5-32F5-481F-BD06-27635330A7B4}.Debug|x86.Build.0 = Debug|Any CPU
		{D307DDE5-32F5-481F-BD06-27635330A7B4}.Release|Any CPU.ActiveCfg = Release|Any CPU
		{D307DDE5-32F5-481F-BD06-27635330A7B4}.Release|Any CPU.Build.0 = Release|Any CPU
		{D307DDE5-32F5-481F-BD06-27635330A7B4}.Release|ARM.ActiveCfg = Release|Any CPU
		{D307DDE5-32F5-481F-BD06-27635330A7B4}.Release|ARM.Build.0 = Release|Any CPU
		{D307DDE5-32F5-481F-BD06-27635330A7B4}.Release|ARM64.ActiveCfg = Release|Any CPU
		{D307DDE5-32F5-481F-BD06-27635330A7B4}.Release|ARM64.Build.0 = Release|Any CPU
		{D307DDE5-32F5-481F-BD06-27635330A7B4}.Release|x64.ActiveCfg = Release|Any CPU
		{D307DDE5-32F5-481F-BD06-27635330A7B4}.Release|x64.Build.0 = Release|Any CPU
		{D307DDE5-32F5-481F-BD06-27635330A7B4}.Release|x86.ActiveCfg = Release|Any CPU
		{D307DDE5-32F5-481F-BD06-27635330A7B4}.Release|x86.Build.0 = Release|Any CPU
		{3AC38AB6-26A6-4733-918A-707C240B6446}.Debug|Any CPU.ActiveCfg = Debug|Any CPU
		{3AC38AB6-26A6-4733-918A-707C240B6446}.Debug|Any CPU.Build.0 = Debug|Any CPU
		{3AC38AB6-26A6-4733-918A-707C240B6446}.Debug|ARM.ActiveCfg = Debug|Any CPU
		{3AC38AB6-26A6-4733-918A-707C240B6446}.Debug|ARM.Build.0 = Debug|Any CPU
		{3AC38AB6-26A6-4733-918A-707C240B6446}.Debug|ARM64.ActiveCfg = Debug|Any CPU
		{3AC38AB6-26A6-4733-918A-707C240B6446}.Debug|ARM64.Build.0 = Debug|Any CPU
		{3AC38AB6-26A6-4733-918A-707C240B6446}.Debug|x64.ActiveCfg = Debug|Any CPU
		{3AC38AB6-26A6-4733-918A-707C240B6446}.Debug|x64.Build.0 = Debug|Any CPU
		{3AC38AB6-26A6-4733-918A-707C240B6446}.Debug|x86.ActiveCfg = Debug|Any CPU
		{3AC38AB6-26A6-4733-918A-707C240B6446}.Debug|x86.Build.0 = Debug|Any CPU
		{3AC38AB6-26A6-4733-918A-707C240B6446}.Release|Any CPU.ActiveCfg = Release|Any CPU
		{3AC38AB6-26A6-4733-918A-707C240B6446}.Release|Any CPU.Build.0 = Release|Any CPU
		{3AC38AB6-26A6-4733-918A-707C240B6446}.Release|ARM.ActiveCfg = Release|Any CPU
		{3AC38AB6-26A6-4733-918A-707C240B6446}.Release|ARM.Build.0 = Release|Any CPU
		{3AC38AB6-26A6-4733-918A-707C240B6446}.Release|ARM64.ActiveCfg = Release|Any CPU
		{3AC38AB6-26A6-4733-918A-707C240B6446}.Release|ARM64.Build.0 = Release|Any CPU
		{3AC38AB6-26A6-4733-918A-707C240B6446}.Release|x64.ActiveCfg = Release|Any CPU
		{3AC38AB6-26A6-4733-918A-707C240B6446}.Release|x64.Build.0 = Release|Any CPU
		{3AC38AB6-26A6-4733-918A-707C240B6446}.Release|x86.ActiveCfg = Release|Any CPU
		{3AC38AB6-26A6-4733-918A-707C240B6446}.Release|x86.Build.0 = Release|Any CPU
		{A20DBFCA-990B-4192-B11F-D4D86D26E70F}.Debug|Any CPU.ActiveCfg = Debug|Any CPU
		{A20DBFCA-990B-4192-B11F-D4D86D26E70F}.Debug|Any CPU.Build.0 = Debug|Any CPU
		{A20DBFCA-990B-4192-B11F-D4D86D26E70F}.Debug|ARM.ActiveCfg = Debug|Any CPU
		{A20DBFCA-990B-4192-B11F-D4D86D26E70F}.Debug|ARM.Build.0 = Debug|Any CPU
		{A20DBFCA-990B-4192-B11F-D4D86D26E70F}.Debug|ARM64.ActiveCfg = Debug|Any CPU
		{A20DBFCA-990B-4192-B11F-D4D86D26E70F}.Debug|ARM64.Build.0 = Debug|Any CPU
		{A20DBFCA-990B-4192-B11F-D4D86D26E70F}.Debug|x64.ActiveCfg = Debug|Any CPU
		{A20DBFCA-990B-4192-B11F-D4D86D26E70F}.Debug|x64.Build.0 = Debug|Any CPU
		{A20DBFCA-990B-4192-B11F-D4D86D26E70F}.Debug|x86.ActiveCfg = Debug|Any CPU
		{A20DBFCA-990B-4192-B11F-D4D86D26E70F}.Debug|x86.Build.0 = Debug|Any CPU
		{A20DBFCA-990B-4192-B11F-D4D86D26E70F}.Release|Any CPU.ActiveCfg = Release|Any CPU
		{A20DBFCA-990B-4192-B11F-D4D86D26E70F}.Release|Any CPU.Build.0 = Release|Any CPU
		{A20DBFCA-990B-4192-B11F-D4D86D26E70F}.Release|ARM.ActiveCfg = Release|Any CPU
		{A20DBFCA-990B-4192-B11F-D4D86D26E70F}.Release|ARM.Build.0 = Release|Any CPU
		{A20DBFCA-990B-4192-B11F-D4D86D26E70F}.Release|ARM64.ActiveCfg = Release|Any CPU
		{A20DBFCA-990B-4192-B11F-D4D86D26E70F}.Release|ARM64.Build.0 = Release|Any CPU
		{A20DBFCA-990B-4192-B11F-D4D86D26E70F}.Release|x64.ActiveCfg = Release|Any CPU
		{A20DBFCA-990B-4192-B11F-D4D86D26E70F}.Release|x64.Build.0 = Release|Any CPU
		{A20DBFCA-990B-4192-B11F-D4D86D26E70F}.Release|x86.ActiveCfg = Release|Any CPU
		{A20DBFCA-990B-4192-B11F-D4D86D26E70F}.Release|x86.Build.0 = Release|Any CPU
		{CEC2C3C8-A15E-4693-9552-B78228383275}.Debug|Any CPU.ActiveCfg = Debug|Any CPU
		{CEC2C3C8-A15E-4693-9552-B78228383275}.Debug|Any CPU.Build.0 = Debug|Any CPU
		{CEC2C3C8-A15E-4693-9552-B78228383275}.Debug|ARM.ActiveCfg = Debug|Any CPU
		{CEC2C3C8-A15E-4693-9552-B78228383275}.Debug|ARM.Build.0 = Debug|Any CPU
		{CEC2C3C8-A15E-4693-9552-B78228383275}.Debug|ARM64.ActiveCfg = Debug|Any CPU
		{CEC2C3C8-A15E-4693-9552-B78228383275}.Debug|ARM64.Build.0 = Debug|Any CPU
		{CEC2C3C8-A15E-4693-9552-B78228383275}.Debug|x64.ActiveCfg = Debug|Any CPU
		{CEC2C3C8-A15E-4693-9552-B78228383275}.Debug|x64.Build.0 = Debug|Any CPU
		{CEC2C3C8-A15E-4693-9552-B78228383275}.Debug|x86.ActiveCfg = Debug|Any CPU
		{CEC2C3C8-A15E-4693-9552-B78228383275}.Debug|x86.Build.0 = Debug|Any CPU
		{CEC2C3C8-A15E-4693-9552-B78228383275}.Release|Any CPU.ActiveCfg = Release|Any CPU
		{CEC2C3C8-A15E-4693-9552-B78228383275}.Release|Any CPU.Build.0 = Release|Any CPU
		{CEC2C3C8-A15E-4693-9552-B78228383275}.Release|ARM.ActiveCfg = Release|Any CPU
		{CEC2C3C8-A15E-4693-9552-B78228383275}.Release|ARM.Build.0 = Release|Any CPU
		{CEC2C3C8-A15E-4693-9552-B78228383275}.Release|ARM64.ActiveCfg = Release|Any CPU
		{CEC2C3C8-A15E-4693-9552-B78228383275}.Release|ARM64.Build.0 = Release|Any CPU
		{CEC2C3C8-A15E-4693-9552-B78228383275}.Release|x64.ActiveCfg = Release|Any CPU
		{CEC2C3C8-A15E-4693-9552-B78228383275}.Release|x64.Build.0 = Release|Any CPU
		{CEC2C3C8-A15E-4693-9552-B78228383275}.Release|x86.ActiveCfg = Release|Any CPU
		{CEC2C3C8-A15E-4693-9552-B78228383275}.Release|x86.Build.0 = Release|Any CPU
		{E9375353-1A35-4393-9BFA-2CAD37017640}.Debug|Any CPU.ActiveCfg = Debug|Any CPU
		{E9375353-1A35-4393-9BFA-2CAD37017640}.Debug|Any CPU.Build.0 = Debug|Any CPU
		{E9375353-1A35-4393-9BFA-2CAD37017640}.Debug|ARM.ActiveCfg = Debug|Any CPU
		{E9375353-1A35-4393-9BFA-2CAD37017640}.Debug|ARM.Build.0 = Debug|Any CPU
		{E9375353-1A35-4393-9BFA-2CAD37017640}.Debug|ARM64.ActiveCfg = Debug|Any CPU
		{E9375353-1A35-4393-9BFA-2CAD37017640}.Debug|ARM64.Build.0 = Debug|Any CPU
		{E9375353-1A35-4393-9BFA-2CAD37017640}.Debug|x64.ActiveCfg = Debug|Any CPU
		{E9375353-1A35-4393-9BFA-2CAD37017640}.Debug|x64.Build.0 = Debug|Any CPU
		{E9375353-1A35-4393-9BFA-2CAD37017640}.Debug|x86.ActiveCfg = Debug|Any CPU
		{E9375353-1A35-4393-9BFA-2CAD37017640}.Debug|x86.Build.0 = Debug|Any CPU
		{E9375353-1A35-4393-9BFA-2CAD37017640}.Release|Any CPU.ActiveCfg = Release|Any CPU
		{E9375353-1A35-4393-9BFA-2CAD37017640}.Release|Any CPU.Build.0 = Release|Any CPU
		{E9375353-1A35-4393-9BFA-2CAD37017640}.Release|ARM.ActiveCfg = Release|Any CPU
		{E9375353-1A35-4393-9BFA-2CAD37017640}.Release|ARM.Build.0 = Release|Any CPU
		{E9375353-1A35-4393-9BFA-2CAD37017640}.Release|ARM64.ActiveCfg = Release|Any CPU
		{E9375353-1A35-4393-9BFA-2CAD37017640}.Release|ARM64.Build.0 = Release|Any CPU
		{E9375353-1A35-4393-9BFA-2CAD37017640}.Release|x64.ActiveCfg = Release|Any CPU
		{E9375353-1A35-4393-9BFA-2CAD37017640}.Release|x64.Build.0 = Release|Any CPU
		{E9375353-1A35-4393-9BFA-2CAD37017640}.Release|x86.ActiveCfg = Release|Any CPU
		{E9375353-1A35-4393-9BFA-2CAD37017640}.Release|x86.Build.0 = Release|Any CPU
		{22D3C160-7690-41CB-8B2A-6C678431C7D9}.Debug|Any CPU.ActiveCfg = Debug|Any CPU
		{22D3C160-7690-41CB-8B2A-6C678431C7D9}.Debug|Any CPU.Build.0 = Debug|Any CPU
		{22D3C160-7690-41CB-8B2A-6C678431C7D9}.Debug|ARM.ActiveCfg = Debug|Any CPU
		{22D3C160-7690-41CB-8B2A-6C678431C7D9}.Debug|ARM.Build.0 = Debug|Any CPU
		{22D3C160-7690-41CB-8B2A-6C678431C7D9}.Debug|ARM64.ActiveCfg = Debug|Any CPU
		{22D3C160-7690-41CB-8B2A-6C678431C7D9}.Debug|ARM64.Build.0 = Debug|Any CPU
		{22D3C160-7690-41CB-8B2A-6C678431C7D9}.Debug|x64.ActiveCfg = Debug|Any CPU
		{22D3C160-7690-41CB-8B2A-6C678431C7D9}.Debug|x64.Build.0 = Debug|Any CPU
		{22D3C160-7690-41CB-8B2A-6C678431C7D9}.Debug|x86.ActiveCfg = Debug|Any CPU
		{22D3C160-7690-41CB-8B2A-6C678431C7D9}.Debug|x86.Build.0 = Debug|Any CPU
		{22D3C160-7690-41CB-8B2A-6C678431C7D9}.Release|Any CPU.ActiveCfg = Release|Any CPU
		{22D3C160-7690-41CB-8B2A-6C678431C7D9}.Release|Any CPU.Build.0 = Release|Any CPU
		{22D3C160-7690-41CB-8B2A-6C678431C7D9}.Release|ARM.ActiveCfg = Release|Any CPU
		{22D3C160-7690-41CB-8B2A-6C678431C7D9}.Release|ARM.Build.0 = Release|Any CPU
		{22D3C160-7690-41CB-8B2A-6C678431C7D9}.Release|ARM64.ActiveCfg = Release|Any CPU
		{22D3C160-7690-41CB-8B2A-6C678431C7D9}.Release|ARM64.Build.0 = Release|Any CPU
		{22D3C160-7690-41CB-8B2A-6C678431C7D9}.Release|x64.ActiveCfg = Release|Any CPU
		{22D3C160-7690-41CB-8B2A-6C678431C7D9}.Release|x64.Build.0 = Release|Any CPU
		{22D3C160-7690-41CB-8B2A-6C678431C7D9}.Release|x86.ActiveCfg = Release|Any CPU
		{22D3C160-7690-41CB-8B2A-6C678431C7D9}.Release|x86.Build.0 = Release|Any CPU
		{1A72E264-52DA-470C-A27E-5B37A9D3CA31}.Debug|Any CPU.ActiveCfg = Debug|Any CPU
		{1A72E264-52DA-470C-A27E-5B37A9D3CA31}.Debug|Any CPU.Build.0 = Debug|Any CPU
		{1A72E264-52DA-470C-A27E-5B37A9D3CA31}.Debug|ARM.ActiveCfg = Debug|Any CPU
		{1A72E264-52DA-470C-A27E-5B37A9D3CA31}.Debug|ARM.Build.0 = Debug|Any CPU
		{1A72E264-52DA-470C-A27E-5B37A9D3CA31}.Debug|ARM64.ActiveCfg = Debug|Any CPU
		{1A72E264-52DA-470C-A27E-5B37A9D3CA31}.Debug|ARM64.Build.0 = Debug|Any CPU
		{1A72E264-52DA-470C-A27E-5B37A9D3CA31}.Debug|x64.ActiveCfg = Debug|Any CPU
		{1A72E264-52DA-470C-A27E-5B37A9D3CA31}.Debug|x64.Build.0 = Debug|Any CPU
		{1A72E264-52DA-470C-A27E-5B37A9D3CA31}.Debug|x86.ActiveCfg = Debug|Any CPU
		{1A72E264-52DA-470C-A27E-5B37A9D3CA31}.Debug|x86.Build.0 = Debug|Any CPU
		{1A72E264-52DA-470C-A27E-5B37A9D3CA31}.Release|Any CPU.ActiveCfg = Release|Any CPU
		{1A72E264-52DA-470C-A27E-5B37A9D3CA31}.Release|Any CPU.Build.0 = Release|Any CPU
		{1A72E264-52DA-470C-A27E-5B37A9D3CA31}.Release|ARM.ActiveCfg = Release|Any CPU
		{1A72E264-52DA-470C-A27E-5B37A9D3CA31}.Release|ARM.Build.0 = Release|Any CPU
		{1A72E264-52DA-470C-A27E-5B37A9D3CA31}.Release|ARM64.ActiveCfg = Release|Any CPU
		{1A72E264-52DA-470C-A27E-5B37A9D3CA31}.Release|ARM64.Build.0 = Release|Any CPU
		{1A72E264-52DA-470C-A27E-5B37A9D3CA31}.Release|x64.ActiveCfg = Release|Any CPU
		{1A72E264-52DA-470C-A27E-5B37A9D3CA31}.Release|x64.Build.0 = Release|Any CPU
		{1A72E264-52DA-470C-A27E-5B37A9D3CA31}.Release|x86.ActiveCfg = Release|Any CPU
		{1A72E264-52DA-470C-A27E-5B37A9D3CA31}.Release|x86.Build.0 = Release|Any CPU
		{E8E9B2D1-D703-48FE-8973-40291E61D9D5}.Debug|Any CPU.ActiveCfg = Debug|Any CPU
		{E8E9B2D1-D703-48FE-8973-40291E61D9D5}.Debug|Any CPU.Build.0 = Debug|Any CPU
		{E8E9B2D1-D703-48FE-8973-40291E61D9D5}.Debug|ARM.ActiveCfg = Debug|Any CPU
		{E8E9B2D1-D703-48FE-8973-40291E61D9D5}.Debug|ARM.Build.0 = Debug|Any CPU
		{E8E9B2D1-D703-48FE-8973-40291E61D9D5}.Debug|ARM64.ActiveCfg = Debug|Any CPU
		{E8E9B2D1-D703-48FE-8973-40291E61D9D5}.Debug|ARM64.Build.0 = Debug|Any CPU
		{E8E9B2D1-D703-48FE-8973-40291E61D9D5}.Debug|x64.ActiveCfg = Debug|Any CPU
		{E8E9B2D1-D703-48FE-8973-40291E61D9D5}.Debug|x64.Build.0 = Debug|Any CPU
		{E8E9B2D1-D703-48FE-8973-40291E61D9D5}.Debug|x86.ActiveCfg = Debug|Any CPU
		{E8E9B2D1-D703-48FE-8973-40291E61D9D5}.Debug|x86.Build.0 = Debug|Any CPU
		{E8E9B2D1-D703-48FE-8973-40291E61D9D5}.Release|Any CPU.ActiveCfg = Release|Any CPU
		{E8E9B2D1-D703-48FE-8973-40291E61D9D5}.Release|Any CPU.Build.0 = Release|Any CPU
		{E8E9B2D1-D703-48FE-8973-40291E61D9D5}.Release|ARM.ActiveCfg = Release|Any CPU
		{E8E9B2D1-D703-48FE-8973-40291E61D9D5}.Release|ARM.Build.0 = Release|Any CPU
		{E8E9B2D1-D703-48FE-8973-40291E61D9D5}.Release|ARM64.ActiveCfg = Release|Any CPU
		{E8E9B2D1-D703-48FE-8973-40291E61D9D5}.Release|ARM64.Build.0 = Release|Any CPU
		{E8E9B2D1-D703-48FE-8973-40291E61D9D5}.Release|x64.ActiveCfg = Release|Any CPU
		{E8E9B2D1-D703-48FE-8973-40291E61D9D5}.Release|x64.Build.0 = Release|Any CPU
		{E8E9B2D1-D703-48FE-8973-40291E61D9D5}.Release|x86.ActiveCfg = Release|Any CPU
		{E8E9B2D1-D703-48FE-8973-40291E61D9D5}.Release|x86.Build.0 = Release|Any CPU
		{AB0F82D0-0147-417D-871A-319D8289E003}.Debug|Any CPU.ActiveCfg = Debug|Any CPU
		{AB0F82D0-0147-417D-871A-319D8289E003}.Debug|Any CPU.Build.0 = Debug|Any CPU
		{AB0F82D0-0147-417D-871A-319D8289E003}.Debug|ARM.ActiveCfg = Debug|Any CPU
		{AB0F82D0-0147-417D-871A-319D8289E003}.Debug|ARM.Build.0 = Debug|Any CPU
		{AB0F82D0-0147-417D-871A-319D8289E003}.Debug|ARM64.ActiveCfg = Debug|Any CPU
		{AB0F82D0-0147-417D-871A-319D8289E003}.Debug|ARM64.Build.0 = Debug|Any CPU
		{AB0F82D0-0147-417D-871A-319D8289E003}.Debug|x64.ActiveCfg = Debug|Any CPU
		{AB0F82D0-0147-417D-871A-319D8289E003}.Debug|x64.Build.0 = Debug|Any CPU
		{AB0F82D0-0147-417D-871A-319D8289E003}.Debug|x86.ActiveCfg = Debug|Any CPU
		{AB0F82D0-0147-417D-871A-319D8289E003}.Debug|x86.Build.0 = Debug|Any CPU
		{AB0F82D0-0147-417D-871A-319D8289E003}.Release|Any CPU.ActiveCfg = Release|Any CPU
		{AB0F82D0-0147-417D-871A-319D8289E003}.Release|Any CPU.Build.0 = Release|Any CPU
		{AB0F82D0-0147-417D-871A-319D8289E003}.Release|ARM.ActiveCfg = Release|Any CPU
		{AB0F82D0-0147-417D-871A-319D8289E003}.Release|ARM.Build.0 = Release|Any CPU
		{AB0F82D0-0147-417D-871A-319D8289E003}.Release|ARM64.ActiveCfg = Release|Any CPU
		{AB0F82D0-0147-417D-871A-319D8289E003}.Release|ARM64.Build.0 = Release|Any CPU
		{AB0F82D0-0147-417D-871A-319D8289E003}.Release|x64.ActiveCfg = Release|Any CPU
		{AB0F82D0-0147-417D-871A-319D8289E003}.Release|x64.Build.0 = Release|Any CPU
		{AB0F82D0-0147-417D-871A-319D8289E003}.Release|x86.ActiveCfg = Release|Any CPU
		{AB0F82D0-0147-417D-871A-319D8289E003}.Release|x86.Build.0 = Release|Any CPU
		{51ADD778-F517-484E-98F4-00AD699F1295}.Debug|Any CPU.ActiveCfg = Debug|Any CPU
		{51ADD778-F517-484E-98F4-00AD699F1295}.Debug|Any CPU.Build.0 = Debug|Any CPU
		{51ADD778-F517-484E-98F4-00AD699F1295}.Debug|ARM.ActiveCfg = Debug|Any CPU
		{51ADD778-F517-484E-98F4-00AD699F1295}.Debug|ARM.Build.0 = Debug|Any CPU
		{51ADD778-F517-484E-98F4-00AD699F1295}.Debug|ARM64.ActiveCfg = Debug|Any CPU
		{51ADD778-F517-484E-98F4-00AD699F1295}.Debug|ARM64.Build.0 = Debug|Any CPU
		{51ADD778-F517-484E-98F4-00AD699F1295}.Debug|x64.ActiveCfg = Debug|Any CPU
		{51ADD778-F517-484E-98F4-00AD699F1295}.Debug|x64.Build.0 = Debug|Any CPU
		{51ADD778-F517-484E-98F4-00AD699F1295}.Debug|x86.ActiveCfg = Debug|Any CPU
		{51ADD778-F517-484E-98F4-00AD699F1295}.Debug|x86.Build.0 = Debug|Any CPU
		{51ADD778-F517-484E-98F4-00AD699F1295}.Release|Any CPU.ActiveCfg = Release|Any CPU
		{51ADD778-F517-484E-98F4-00AD699F1295}.Release|Any CPU.Build.0 = Release|Any CPU
		{51ADD778-F517-484E-98F4-00AD699F1295}.Release|ARM.ActiveCfg = Release|Any CPU
		{51ADD778-F517-484E-98F4-00AD699F1295}.Release|ARM.Build.0 = Release|Any CPU
		{51ADD778-F517-484E-98F4-00AD699F1295}.Release|ARM64.ActiveCfg = Release|Any CPU
		{51ADD778-F517-484E-98F4-00AD699F1295}.Release|ARM64.Build.0 = Release|Any CPU
		{51ADD778-F517-484E-98F4-00AD699F1295}.Release|x64.ActiveCfg = Release|Any CPU
		{51ADD778-F517-484E-98F4-00AD699F1295}.Release|x64.Build.0 = Release|Any CPU
		{51ADD778-F517-484E-98F4-00AD699F1295}.Release|x86.ActiveCfg = Release|Any CPU
		{51ADD778-F517-484E-98F4-00AD699F1295}.Release|x86.Build.0 = Release|Any CPU
		{A4B0D730-393B-424E-80DF-ABEAFC0F647A}.Debug|Any CPU.ActiveCfg = Debug|Any CPU
		{A4B0D730-393B-424E-80DF-ABEAFC0F647A}.Debug|Any CPU.Build.0 = Debug|Any CPU
		{A4B0D730-393B-424E-80DF-ABEAFC0F647A}.Debug|ARM.ActiveCfg = Debug|Any CPU
		{A4B0D730-393B-424E-80DF-ABEAFC0F647A}.Debug|ARM.Build.0 = Debug|Any CPU
		{A4B0D730-393B-424E-80DF-ABEAFC0F647A}.Debug|ARM64.ActiveCfg = Debug|Any CPU
		{A4B0D730-393B-424E-80DF-ABEAFC0F647A}.Debug|ARM64.Build.0 = Debug|Any CPU
		{A4B0D730-393B-424E-80DF-ABEAFC0F647A}.Debug|x64.ActiveCfg = Debug|Any CPU
		{A4B0D730-393B-424E-80DF-ABEAFC0F647A}.Debug|x64.Build.0 = Debug|Any CPU
		{A4B0D730-393B-424E-80DF-ABEAFC0F647A}.Debug|x86.ActiveCfg = Debug|Any CPU
		{A4B0D730-393B-424E-80DF-ABEAFC0F647A}.Debug|x86.Build.0 = Debug|Any CPU
		{A4B0D730-393B-424E-80DF-ABEAFC0F647A}.Release|Any CPU.ActiveCfg = Release|Any CPU
		{A4B0D730-393B-424E-80DF-ABEAFC0F647A}.Release|Any CPU.Build.0 = Release|Any CPU
		{A4B0D730-393B-424E-80DF-ABEAFC0F647A}.Release|ARM.ActiveCfg = Release|Any CPU
		{A4B0D730-393B-424E-80DF-ABEAFC0F647A}.Release|ARM.Build.0 = Release|Any CPU
		{A4B0D730-393B-424E-80DF-ABEAFC0F647A}.Release|ARM64.ActiveCfg = Release|Any CPU
		{A4B0D730-393B-424E-80DF-ABEAFC0F647A}.Release|ARM64.Build.0 = Release|Any CPU
		{A4B0D730-393B-424E-80DF-ABEAFC0F647A}.Release|x64.ActiveCfg = Release|Any CPU
		{A4B0D730-393B-424E-80DF-ABEAFC0F647A}.Release|x64.Build.0 = Release|Any CPU
		{A4B0D730-393B-424E-80DF-ABEAFC0F647A}.Release|x86.ActiveCfg = Release|Any CPU
		{A4B0D730-393B-424E-80DF-ABEAFC0F647A}.Release|x86.Build.0 = Release|Any CPU
		{96C8B3EF-E4E3-47E5-9061-E69771D7B018}.Debug|Any CPU.ActiveCfg = Debug|Any CPU
		{96C8B3EF-E4E3-47E5-9061-E69771D7B018}.Debug|Any CPU.Build.0 = Debug|Any CPU
		{96C8B3EF-E4E3-47E5-9061-E69771D7B018}.Debug|ARM.ActiveCfg = Debug|Any CPU
		{96C8B3EF-E4E3-47E5-9061-E69771D7B018}.Debug|ARM.Build.0 = Debug|Any CPU
		{96C8B3EF-E4E3-47E5-9061-E69771D7B018}.Debug|ARM64.ActiveCfg = Debug|Any CPU
		{96C8B3EF-E4E3-47E5-9061-E69771D7B018}.Debug|ARM64.Build.0 = Debug|Any CPU
		{96C8B3EF-E4E3-47E5-9061-E69771D7B018}.Debug|x64.ActiveCfg = Debug|Any CPU
		{96C8B3EF-E4E3-47E5-9061-E69771D7B018}.Debug|x64.Build.0 = Debug|Any CPU
		{96C8B3EF-E4E3-47E5-9061-E69771D7B018}.Debug|x86.ActiveCfg = Debug|Any CPU
		{96C8B3EF-E4E3-47E5-9061-E69771D7B018}.Debug|x86.Build.0 = Debug|Any CPU
		{96C8B3EF-E4E3-47E5-9061-E69771D7B018}.Release|Any CPU.ActiveCfg = Release|Any CPU
		{96C8B3EF-E4E3-47E5-9061-E69771D7B018}.Release|Any CPU.Build.0 = Release|Any CPU
		{96C8B3EF-E4E3-47E5-9061-E69771D7B018}.Release|ARM.ActiveCfg = Release|Any CPU
		{96C8B3EF-E4E3-47E5-9061-E69771D7B018}.Release|ARM.Build.0 = Release|Any CPU
		{96C8B3EF-E4E3-47E5-9061-E69771D7B018}.Release|ARM64.ActiveCfg = Release|Any CPU
		{96C8B3EF-E4E3-47E5-9061-E69771D7B018}.Release|ARM64.Build.0 = Release|Any CPU
		{96C8B3EF-E4E3-47E5-9061-E69771D7B018}.Release|x64.ActiveCfg = Release|Any CPU
		{96C8B3EF-E4E3-47E5-9061-E69771D7B018}.Release|x64.Build.0 = Release|Any CPU
		{96C8B3EF-E4E3-47E5-9061-E69771D7B018}.Release|x86.ActiveCfg = Release|Any CPU
		{96C8B3EF-E4E3-47E5-9061-E69771D7B018}.Release|x86.Build.0 = Release|Any CPU
		{0D803052-3EFC-4F1D-8EA8-C898C13CB9C1}.Debug|Any CPU.ActiveCfg = Debug|Any CPU
		{0D803052-3EFC-4F1D-8EA8-C898C13CB9C1}.Debug|Any CPU.Build.0 = Debug|Any CPU
		{0D803052-3EFC-4F1D-8EA8-C898C13CB9C1}.Debug|ARM.ActiveCfg = Debug|Any CPU
		{0D803052-3EFC-4F1D-8EA8-C898C13CB9C1}.Debug|ARM.Build.0 = Debug|Any CPU
		{0D803052-3EFC-4F1D-8EA8-C898C13CB9C1}.Debug|ARM64.ActiveCfg = Debug|Any CPU
		{0D803052-3EFC-4F1D-8EA8-C898C13CB9C1}.Debug|ARM64.Build.0 = Debug|Any CPU
		{0D803052-3EFC-4F1D-8EA8-C898C13CB9C1}.Debug|x64.ActiveCfg = Debug|Any CPU
		{0D803052-3EFC-4F1D-8EA8-C898C13CB9C1}.Debug|x64.Build.0 = Debug|Any CPU
		{0D803052-3EFC-4F1D-8EA8-C898C13CB9C1}.Debug|x86.ActiveCfg = Debug|Any CPU
		{0D803052-3EFC-4F1D-8EA8-C898C13CB9C1}.Debug|x86.Build.0 = Debug|Any CPU
		{0D803052-3EFC-4F1D-8EA8-C898C13CB9C1}.Release|Any CPU.ActiveCfg = Release|Any CPU
		{0D803052-3EFC-4F1D-8EA8-C898C13CB9C1}.Release|Any CPU.Build.0 = Release|Any CPU
		{0D803052-3EFC-4F1D-8EA8-C898C13CB9C1}.Release|ARM.ActiveCfg = Release|Any CPU
		{0D803052-3EFC-4F1D-8EA8-C898C13CB9C1}.Release|ARM.Build.0 = Release|Any CPU
		{0D803052-3EFC-4F1D-8EA8-C898C13CB9C1}.Release|ARM64.ActiveCfg = Release|Any CPU
		{0D803052-3EFC-4F1D-8EA8-C898C13CB9C1}.Release|ARM64.Build.0 = Release|Any CPU
		{0D803052-3EFC-4F1D-8EA8-C898C13CB9C1}.Release|x64.ActiveCfg = Release|Any CPU
		{0D803052-3EFC-4F1D-8EA8-C898C13CB9C1}.Release|x64.Build.0 = Release|Any CPU
		{0D803052-3EFC-4F1D-8EA8-C898C13CB9C1}.Release|x86.ActiveCfg = Release|Any CPU
		{0D803052-3EFC-4F1D-8EA8-C898C13CB9C1}.Release|x86.Build.0 = Release|Any CPU
		{81C50A29-AFED-4340-A42A-C7E99034C2F6}.Debug|Any CPU.ActiveCfg = Debug|Any CPU
		{81C50A29-AFED-4340-A42A-C7E99034C2F6}.Debug|Any CPU.Build.0 = Debug|Any CPU
		{81C50A29-AFED-4340-A42A-C7E99034C2F6}.Debug|ARM.ActiveCfg = Debug|Any CPU
		{81C50A29-AFED-4340-A42A-C7E99034C2F6}.Debug|ARM.Build.0 = Debug|Any CPU
		{81C50A29-AFED-4340-A42A-C7E99034C2F6}.Debug|ARM64.ActiveCfg = Debug|Any CPU
		{81C50A29-AFED-4340-A42A-C7E99034C2F6}.Debug|ARM64.Build.0 = Debug|Any CPU
		{81C50A29-AFED-4340-A42A-C7E99034C2F6}.Debug|x64.ActiveCfg = Debug|Any CPU
		{81C50A29-AFED-4340-A42A-C7E99034C2F6}.Debug|x64.Build.0 = Debug|Any CPU
		{81C50A29-AFED-4340-A42A-C7E99034C2F6}.Debug|x86.ActiveCfg = Debug|Any CPU
		{81C50A29-AFED-4340-A42A-C7E99034C2F6}.Debug|x86.Build.0 = Debug|Any CPU
		{81C50A29-AFED-4340-A42A-C7E99034C2F6}.Release|Any CPU.ActiveCfg = Release|Any CPU
		{81C50A29-AFED-4340-A42A-C7E99034C2F6}.Release|Any CPU.Build.0 = Release|Any CPU
		{81C50A29-AFED-4340-A42A-C7E99034C2F6}.Release|ARM.ActiveCfg = Release|Any CPU
		{81C50A29-AFED-4340-A42A-C7E99034C2F6}.Release|ARM.Build.0 = Release|Any CPU
		{81C50A29-AFED-4340-A42A-C7E99034C2F6}.Release|ARM64.ActiveCfg = Release|Any CPU
		{81C50A29-AFED-4340-A42A-C7E99034C2F6}.Release|ARM64.Build.0 = Release|Any CPU
		{81C50A29-AFED-4340-A42A-C7E99034C2F6}.Release|x64.ActiveCfg = Release|Any CPU
		{81C50A29-AFED-4340-A42A-C7E99034C2F6}.Release|x64.Build.0 = Release|Any CPU
		{81C50A29-AFED-4340-A42A-C7E99034C2F6}.Release|x86.ActiveCfg = Release|Any CPU
		{81C50A29-AFED-4340-A42A-C7E99034C2F6}.Release|x86.Build.0 = Release|Any CPU
		{BDF9D3F1-925A-45BC-9F84-9C63A14A8568}.Debug|Any CPU.ActiveCfg = Debug|Any CPU
		{BDF9D3F1-925A-45BC-9F84-9C63A14A8568}.Debug|Any CPU.Build.0 = Debug|Any CPU
		{BDF9D3F1-925A-45BC-9F84-9C63A14A8568}.Debug|ARM.ActiveCfg = Debug|Any CPU
		{BDF9D3F1-925A-45BC-9F84-9C63A14A8568}.Debug|ARM.Build.0 = Debug|Any CPU
		{BDF9D3F1-925A-45BC-9F84-9C63A14A8568}.Debug|ARM64.ActiveCfg = Debug|Any CPU
		{BDF9D3F1-925A-45BC-9F84-9C63A14A8568}.Debug|ARM64.Build.0 = Debug|Any CPU
		{BDF9D3F1-925A-45BC-9F84-9C63A14A8568}.Debug|x64.ActiveCfg = Debug|Any CPU
		{BDF9D3F1-925A-45BC-9F84-9C63A14A8568}.Debug|x64.Build.0 = Debug|Any CPU
		{BDF9D3F1-925A-45BC-9F84-9C63A14A8568}.Debug|x86.ActiveCfg = Debug|Any CPU
		{BDF9D3F1-925A-45BC-9F84-9C63A14A8568}.Debug|x86.Build.0 = Debug|Any CPU
		{BDF9D3F1-925A-45BC-9F84-9C63A14A8568}.Release|Any CPU.ActiveCfg = Release|Any CPU
		{BDF9D3F1-925A-45BC-9F84-9C63A14A8568}.Release|Any CPU.Build.0 = Release|Any CPU
		{BDF9D3F1-925A-45BC-9F84-9C63A14A8568}.Release|ARM.ActiveCfg = Release|Any CPU
		{BDF9D3F1-925A-45BC-9F84-9C63A14A8568}.Release|ARM.Build.0 = Release|Any CPU
		{BDF9D3F1-925A-45BC-9F84-9C63A14A8568}.Release|ARM64.ActiveCfg = Release|Any CPU
		{BDF9D3F1-925A-45BC-9F84-9C63A14A8568}.Release|ARM64.Build.0 = Release|Any CPU
		{BDF9D3F1-925A-45BC-9F84-9C63A14A8568}.Release|x64.ActiveCfg = Release|Any CPU
		{BDF9D3F1-925A-45BC-9F84-9C63A14A8568}.Release|x64.Build.0 = Release|Any CPU
		{BDF9D3F1-925A-45BC-9F84-9C63A14A8568}.Release|x86.ActiveCfg = Release|Any CPU
		{BDF9D3F1-925A-45BC-9F84-9C63A14A8568}.Release|x86.Build.0 = Release|Any CPU
		{AD05CDEF-4228-4DE2-8A30-E086FD8AD2A6}.Debug|Any CPU.ActiveCfg = Debug|Any CPU
		{AD05CDEF-4228-4DE2-8A30-E086FD8AD2A6}.Debug|Any CPU.Build.0 = Debug|Any CPU
		{AD05CDEF-4228-4DE2-8A30-E086FD8AD2A6}.Debug|ARM.ActiveCfg = Debug|Any CPU
		{AD05CDEF-4228-4DE2-8A30-E086FD8AD2A6}.Debug|ARM.Build.0 = Debug|Any CPU
		{AD05CDEF-4228-4DE2-8A30-E086FD8AD2A6}.Debug|ARM64.ActiveCfg = Debug|Any CPU
		{AD05CDEF-4228-4DE2-8A30-E086FD8AD2A6}.Debug|ARM64.Build.0 = Debug|Any CPU
		{AD05CDEF-4228-4DE2-8A30-E086FD8AD2A6}.Debug|x64.ActiveCfg = Debug|Any CPU
		{AD05CDEF-4228-4DE2-8A30-E086FD8AD2A6}.Debug|x64.Build.0 = Debug|Any CPU
		{AD05CDEF-4228-4DE2-8A30-E086FD8AD2A6}.Debug|x86.ActiveCfg = Debug|Any CPU
		{AD05CDEF-4228-4DE2-8A30-E086FD8AD2A6}.Debug|x86.Build.0 = Debug|Any CPU
		{AD05CDEF-4228-4DE2-8A30-E086FD8AD2A6}.Release|Any CPU.ActiveCfg = Release|Any CPU
		{AD05CDEF-4228-4DE2-8A30-E086FD8AD2A6}.Release|Any CPU.Build.0 = Release|Any CPU
		{AD05CDEF-4228-4DE2-8A30-E086FD8AD2A6}.Release|ARM.ActiveCfg = Release|Any CPU
		{AD05CDEF-4228-4DE2-8A30-E086FD8AD2A6}.Release|ARM.Build.0 = Release|Any CPU
		{AD05CDEF-4228-4DE2-8A30-E086FD8AD2A6}.Release|ARM64.ActiveCfg = Release|Any CPU
		{AD05CDEF-4228-4DE2-8A30-E086FD8AD2A6}.Release|ARM64.Build.0 = Release|Any CPU
		{AD05CDEF-4228-4DE2-8A30-E086FD8AD2A6}.Release|x64.ActiveCfg = Release|Any CPU
		{AD05CDEF-4228-4DE2-8A30-E086FD8AD2A6}.Release|x64.Build.0 = Release|Any CPU
		{AD05CDEF-4228-4DE2-8A30-E086FD8AD2A6}.Release|x86.ActiveCfg = Release|Any CPU
		{AD05CDEF-4228-4DE2-8A30-E086FD8AD2A6}.Release|x86.Build.0 = Release|Any CPU
		{75C41032-A45E-448A-B559-FE6E1443446F}.Debug|Any CPU.ActiveCfg = Debug|Any CPU
		{75C41032-A45E-448A-B559-FE6E1443446F}.Debug|Any CPU.Build.0 = Debug|Any CPU
		{75C41032-A45E-448A-B559-FE6E1443446F}.Debug|ARM.ActiveCfg = Debug|Any CPU
		{75C41032-A45E-448A-B559-FE6E1443446F}.Debug|ARM.Build.0 = Debug|Any CPU
		{75C41032-A45E-448A-B559-FE6E1443446F}.Debug|ARM64.ActiveCfg = Debug|Any CPU
		{75C41032-A45E-448A-B559-FE6E1443446F}.Debug|ARM64.Build.0 = Debug|Any CPU
		{75C41032-A45E-448A-B559-FE6E1443446F}.Debug|x64.ActiveCfg = Debug|Any CPU
		{75C41032-A45E-448A-B559-FE6E1443446F}.Debug|x64.Build.0 = Debug|Any CPU
		{75C41032-A45E-448A-B559-FE6E1443446F}.Debug|x86.ActiveCfg = Debug|Any CPU
		{75C41032-A45E-448A-B559-FE6E1443446F}.Debug|x86.Build.0 = Debug|Any CPU
		{75C41032-A45E-448A-B559-FE6E1443446F}.Release|Any CPU.ActiveCfg = Release|Any CPU
		{75C41032-A45E-448A-B559-FE6E1443446F}.Release|Any CPU.Build.0 = Release|Any CPU
		{75C41032-A45E-448A-B559-FE6E1443446F}.Release|ARM.ActiveCfg = Release|Any CPU
		{75C41032-A45E-448A-B559-FE6E1443446F}.Release|ARM.Build.0 = Release|Any CPU
		{75C41032-A45E-448A-B559-FE6E1443446F}.Release|ARM64.ActiveCfg = Release|Any CPU
		{75C41032-A45E-448A-B559-FE6E1443446F}.Release|ARM64.Build.0 = Release|Any CPU
		{75C41032-A45E-448A-B559-FE6E1443446F}.Release|x64.ActiveCfg = Release|Any CPU
		{75C41032-A45E-448A-B559-FE6E1443446F}.Release|x64.Build.0 = Release|Any CPU
		{75C41032-A45E-448A-B559-FE6E1443446F}.Release|x86.ActiveCfg = Release|Any CPU
		{75C41032-A45E-448A-B559-FE6E1443446F}.Release|x86.Build.0 = Release|Any CPU
		{68880352-A2C0-45C2-85F2-3913180518DD}.Debug|Any CPU.ActiveCfg = Debug|Any CPU
		{68880352-A2C0-45C2-85F2-3913180518DD}.Debug|Any CPU.Build.0 = Debug|Any CPU
		{68880352-A2C0-45C2-85F2-3913180518DD}.Debug|ARM.ActiveCfg = Debug|Any CPU
		{68880352-A2C0-45C2-85F2-3913180518DD}.Debug|ARM.Build.0 = Debug|Any CPU
		{68880352-A2C0-45C2-85F2-3913180518DD}.Debug|ARM64.ActiveCfg = Debug|Any CPU
		{68880352-A2C0-45C2-85F2-3913180518DD}.Debug|ARM64.Build.0 = Debug|Any CPU
		{68880352-A2C0-45C2-85F2-3913180518DD}.Debug|x64.ActiveCfg = Debug|Any CPU
		{68880352-A2C0-45C2-85F2-3913180518DD}.Debug|x64.Build.0 = Debug|Any CPU
		{68880352-A2C0-45C2-85F2-3913180518DD}.Debug|x86.ActiveCfg = Debug|Any CPU
		{68880352-A2C0-45C2-85F2-3913180518DD}.Debug|x86.Build.0 = Debug|Any CPU
		{68880352-A2C0-45C2-85F2-3913180518DD}.Release|Any CPU.ActiveCfg = Release|Any CPU
		{68880352-A2C0-45C2-85F2-3913180518DD}.Release|Any CPU.Build.0 = Release|Any CPU
		{68880352-A2C0-45C2-85F2-3913180518DD}.Release|ARM.ActiveCfg = Release|Any CPU
		{68880352-A2C0-45C2-85F2-3913180518DD}.Release|ARM.Build.0 = Release|Any CPU
		{68880352-A2C0-45C2-85F2-3913180518DD}.Release|ARM64.ActiveCfg = Release|Any CPU
		{68880352-A2C0-45C2-85F2-3913180518DD}.Release|ARM64.Build.0 = Release|Any CPU
		{68880352-A2C0-45C2-85F2-3913180518DD}.Release|x64.ActiveCfg = Release|Any CPU
		{68880352-A2C0-45C2-85F2-3913180518DD}.Release|x64.Build.0 = Release|Any CPU
		{68880352-A2C0-45C2-85F2-3913180518DD}.Release|x86.ActiveCfg = Release|Any CPU
		{68880352-A2C0-45C2-85F2-3913180518DD}.Release|x86.Build.0 = Release|Any CPU
		{4ED75B99-C753-49B9-8BB6-A60CB612C85F}.Debug|Any CPU.ActiveCfg = Debug|Any CPU
		{4ED75B99-C753-49B9-8BB6-A60CB612C85F}.Debug|Any CPU.Build.0 = Debug|Any CPU
		{4ED75B99-C753-49B9-8BB6-A60CB612C85F}.Debug|ARM.ActiveCfg = Debug|Any CPU
		{4ED75B99-C753-49B9-8BB6-A60CB612C85F}.Debug|ARM.Build.0 = Debug|Any CPU
		{4ED75B99-C753-49B9-8BB6-A60CB612C85F}.Debug|ARM64.ActiveCfg = Debug|Any CPU
		{4ED75B99-C753-49B9-8BB6-A60CB612C85F}.Debug|ARM64.Build.0 = Debug|Any CPU
		{4ED75B99-C753-49B9-8BB6-A60CB612C85F}.Debug|x64.ActiveCfg = Debug|Any CPU
		{4ED75B99-C753-49B9-8BB6-A60CB612C85F}.Debug|x64.Build.0 = Debug|Any CPU
		{4ED75B99-C753-49B9-8BB6-A60CB612C85F}.Debug|x86.ActiveCfg = Debug|Any CPU
		{4ED75B99-C753-49B9-8BB6-A60CB612C85F}.Debug|x86.Build.0 = Debug|Any CPU
		{4ED75B99-C753-49B9-8BB6-A60CB612C85F}.Release|Any CPU.ActiveCfg = Release|Any CPU
		{4ED75B99-C753-49B9-8BB6-A60CB612C85F}.Release|Any CPU.Build.0 = Release|Any CPU
		{4ED75B99-C753-49B9-8BB6-A60CB612C85F}.Release|ARM.ActiveCfg = Release|Any CPU
		{4ED75B99-C753-49B9-8BB6-A60CB612C85F}.Release|ARM.Build.0 = Release|Any CPU
		{4ED75B99-C753-49B9-8BB6-A60CB612C85F}.Release|ARM64.ActiveCfg = Release|Any CPU
		{4ED75B99-C753-49B9-8BB6-A60CB612C85F}.Release|ARM64.Build.0 = Release|Any CPU
		{4ED75B99-C753-49B9-8BB6-A60CB612C85F}.Release|x64.ActiveCfg = Release|Any CPU
		{4ED75B99-C753-49B9-8BB6-A60CB612C85F}.Release|x64.Build.0 = Release|Any CPU
		{4ED75B99-C753-49B9-8BB6-A60CB612C85F}.Release|x86.ActiveCfg = Release|Any CPU
		{4ED75B99-C753-49B9-8BB6-A60CB612C85F}.Release|x86.Build.0 = Release|Any CPU
		{0B44DE39-062D-4F35-BA24-169CB012C0CD}.Debug|Any CPU.ActiveCfg = Debug|Any CPU
		{0B44DE39-062D-4F35-BA24-169CB012C0CD}.Debug|Any CPU.Build.0 = Debug|Any CPU
		{0B44DE39-062D-4F35-BA24-169CB012C0CD}.Debug|ARM.ActiveCfg = Debug|Any CPU
		{0B44DE39-062D-4F35-BA24-169CB012C0CD}.Debug|ARM.Build.0 = Debug|Any CPU
		{0B44DE39-062D-4F35-BA24-169CB012C0CD}.Debug|ARM64.ActiveCfg = Debug|Any CPU
		{0B44DE39-062D-4F35-BA24-169CB012C0CD}.Debug|ARM64.Build.0 = Debug|Any CPU
		{0B44DE39-062D-4F35-BA24-169CB012C0CD}.Debug|x64.ActiveCfg = Debug|Any CPU
		{0B44DE39-062D-4F35-BA24-169CB012C0CD}.Debug|x64.Build.0 = Debug|Any CPU
		{0B44DE39-062D-4F35-BA24-169CB012C0CD}.Debug|x86.ActiveCfg = Debug|Any CPU
		{0B44DE39-062D-4F35-BA24-169CB012C0CD}.Debug|x86.Build.0 = Debug|Any CPU
		{0B44DE39-062D-4F35-BA24-169CB012C0CD}.Release|Any CPU.ActiveCfg = Release|Any CPU
		{0B44DE39-062D-4F35-BA24-169CB012C0CD}.Release|Any CPU.Build.0 = Release|Any CPU
		{0B44DE39-062D-4F35-BA24-169CB012C0CD}.Release|ARM.ActiveCfg = Release|Any CPU
		{0B44DE39-062D-4F35-BA24-169CB012C0CD}.Release|ARM.Build.0 = Release|Any CPU
		{0B44DE39-062D-4F35-BA24-169CB012C0CD}.Release|ARM64.ActiveCfg = Release|Any CPU
		{0B44DE39-062D-4F35-BA24-169CB012C0CD}.Release|ARM64.Build.0 = Release|Any CPU
		{0B44DE39-062D-4F35-BA24-169CB012C0CD}.Release|x64.ActiveCfg = Release|Any CPU
		{0B44DE39-062D-4F35-BA24-169CB012C0CD}.Release|x64.Build.0 = Release|Any CPU
		{0B44DE39-062D-4F35-BA24-169CB012C0CD}.Release|x86.ActiveCfg = Release|Any CPU
		{0B44DE39-062D-4F35-BA24-169CB012C0CD}.Release|x86.Build.0 = Release|Any CPU
		{681B334B-8506-42D6-B99D-64DBE552F79E}.Debug|Any CPU.ActiveCfg = Debug|Any CPU
		{681B334B-8506-42D6-B99D-64DBE552F79E}.Debug|Any CPU.Build.0 = Debug|Any CPU
		{681B334B-8506-42D6-B99D-64DBE552F79E}.Debug|ARM.ActiveCfg = Debug|Any CPU
		{681B334B-8506-42D6-B99D-64DBE552F79E}.Debug|ARM.Build.0 = Debug|Any CPU
		{681B334B-8506-42D6-B99D-64DBE552F79E}.Debug|ARM64.ActiveCfg = Debug|Any CPU
		{681B334B-8506-42D6-B99D-64DBE552F79E}.Debug|ARM64.Build.0 = Debug|Any CPU
		{681B334B-8506-42D6-B99D-64DBE552F79E}.Debug|x64.ActiveCfg = Debug|Any CPU
		{681B334B-8506-42D6-B99D-64DBE552F79E}.Debug|x64.Build.0 = Debug|Any CPU
		{681B334B-8506-42D6-B99D-64DBE552F79E}.Debug|x86.ActiveCfg = Debug|Any CPU
		{681B334B-8506-42D6-B99D-64DBE552F79E}.Debug|x86.Build.0 = Debug|Any CPU
		{681B334B-8506-42D6-B99D-64DBE552F79E}.Release|Any CPU.ActiveCfg = Release|Any CPU
		{681B334B-8506-42D6-B99D-64DBE552F79E}.Release|Any CPU.Build.0 = Release|Any CPU
		{681B334B-8506-42D6-B99D-64DBE552F79E}.Release|ARM.ActiveCfg = Release|Any CPU
		{681B334B-8506-42D6-B99D-64DBE552F79E}.Release|ARM.Build.0 = Release|Any CPU
		{681B334B-8506-42D6-B99D-64DBE552F79E}.Release|ARM64.ActiveCfg = Release|Any CPU
		{681B334B-8506-42D6-B99D-64DBE552F79E}.Release|ARM64.Build.0 = Release|Any CPU
		{681B334B-8506-42D6-B99D-64DBE552F79E}.Release|x64.ActiveCfg = Release|Any CPU
		{681B334B-8506-42D6-B99D-64DBE552F79E}.Release|x64.Build.0 = Release|Any CPU
		{681B334B-8506-42D6-B99D-64DBE552F79E}.Release|x86.ActiveCfg = Release|Any CPU
		{681B334B-8506-42D6-B99D-64DBE552F79E}.Release|x86.Build.0 = Release|Any CPU
		{A9C54ED2-F11E-4880-AA99-5A55392A24C9}.Debug|Any CPU.ActiveCfg = Debug|Any CPU
		{A9C54ED2-F11E-4880-AA99-5A55392A24C9}.Debug|Any CPU.Build.0 = Debug|Any CPU
		{A9C54ED2-F11E-4880-AA99-5A55392A24C9}.Debug|ARM.ActiveCfg = Debug|Any CPU
		{A9C54ED2-F11E-4880-AA99-5A55392A24C9}.Debug|ARM.Build.0 = Debug|Any CPU
		{A9C54ED2-F11E-4880-AA99-5A55392A24C9}.Debug|ARM64.ActiveCfg = Debug|Any CPU
		{A9C54ED2-F11E-4880-AA99-5A55392A24C9}.Debug|ARM64.Build.0 = Debug|Any CPU
		{A9C54ED2-F11E-4880-AA99-5A55392A24C9}.Debug|x64.ActiveCfg = Debug|Any CPU
		{A9C54ED2-F11E-4880-AA99-5A55392A24C9}.Debug|x64.Build.0 = Debug|Any CPU
		{A9C54ED2-F11E-4880-AA99-5A55392A24C9}.Debug|x86.ActiveCfg = Debug|Any CPU
		{A9C54ED2-F11E-4880-AA99-5A55392A24C9}.Debug|x86.Build.0 = Debug|Any CPU
		{A9C54ED2-F11E-4880-AA99-5A55392A24C9}.Release|Any CPU.ActiveCfg = Release|Any CPU
		{A9C54ED2-F11E-4880-AA99-5A55392A24C9}.Release|Any CPU.Build.0 = Release|Any CPU
		{A9C54ED2-F11E-4880-AA99-5A55392A24C9}.Release|ARM.ActiveCfg = Release|Any CPU
		{A9C54ED2-F11E-4880-AA99-5A55392A24C9}.Release|ARM.Build.0 = Release|Any CPU
		{A9C54ED2-F11E-4880-AA99-5A55392A24C9}.Release|ARM64.ActiveCfg = Release|Any CPU
		{A9C54ED2-F11E-4880-AA99-5A55392A24C9}.Release|ARM64.Build.0 = Release|Any CPU
		{A9C54ED2-F11E-4880-AA99-5A55392A24C9}.Release|x64.ActiveCfg = Release|Any CPU
		{A9C54ED2-F11E-4880-AA99-5A55392A24C9}.Release|x64.Build.0 = Release|Any CPU
		{A9C54ED2-F11E-4880-AA99-5A55392A24C9}.Release|x86.ActiveCfg = Release|Any CPU
		{A9C54ED2-F11E-4880-AA99-5A55392A24C9}.Release|x86.Build.0 = Release|Any CPU
		{3C5B49FB-F02A-4195-BB25-84DDB41274C5}.Debug|Any CPU.ActiveCfg = Debug|Any CPU
		{3C5B49FB-F02A-4195-BB25-84DDB41274C5}.Debug|Any CPU.Build.0 = Debug|Any CPU
		{3C5B49FB-F02A-4195-BB25-84DDB41274C5}.Debug|ARM.ActiveCfg = Debug|Any CPU
		{3C5B49FB-F02A-4195-BB25-84DDB41274C5}.Debug|ARM.Build.0 = Debug|Any CPU
		{3C5B49FB-F02A-4195-BB25-84DDB41274C5}.Debug|ARM64.ActiveCfg = Debug|Any CPU
		{3C5B49FB-F02A-4195-BB25-84DDB41274C5}.Debug|ARM64.Build.0 = Debug|Any CPU
		{3C5B49FB-F02A-4195-BB25-84DDB41274C5}.Debug|x64.ActiveCfg = Debug|Any CPU
		{3C5B49FB-F02A-4195-BB25-84DDB41274C5}.Debug|x64.Build.0 = Debug|Any CPU
		{3C5B49FB-F02A-4195-BB25-84DDB41274C5}.Debug|x86.ActiveCfg = Debug|Any CPU
		{3C5B49FB-F02A-4195-BB25-84DDB41274C5}.Debug|x86.Build.0 = Debug|Any CPU
		{3C5B49FB-F02A-4195-BB25-84DDB41274C5}.Release|Any CPU.ActiveCfg = Release|Any CPU
		{3C5B49FB-F02A-4195-BB25-84DDB41274C5}.Release|Any CPU.Build.0 = Release|Any CPU
		{3C5B49FB-F02A-4195-BB25-84DDB41274C5}.Release|ARM.ActiveCfg = Release|Any CPU
		{3C5B49FB-F02A-4195-BB25-84DDB41274C5}.Release|ARM.Build.0 = Release|Any CPU
		{3C5B49FB-F02A-4195-BB25-84DDB41274C5}.Release|ARM64.ActiveCfg = Release|Any CPU
		{3C5B49FB-F02A-4195-BB25-84DDB41274C5}.Release|ARM64.Build.0 = Release|Any CPU
		{3C5B49FB-F02A-4195-BB25-84DDB41274C5}.Release|x64.ActiveCfg = Release|Any CPU
		{3C5B49FB-F02A-4195-BB25-84DDB41274C5}.Release|x64.Build.0 = Release|Any CPU
		{3C5B49FB-F02A-4195-BB25-84DDB41274C5}.Release|x86.ActiveCfg = Release|Any CPU
		{3C5B49FB-F02A-4195-BB25-84DDB41274C5}.Release|x86.Build.0 = Release|Any CPU
		{D02B4EC3-92C4-4E07-9672-9D39BE3CB849}.Debug|Any CPU.ActiveCfg = Debug|Any CPU
		{D02B4EC3-92C4-4E07-9672-9D39BE3CB849}.Debug|Any CPU.Build.0 = Debug|Any CPU
		{D02B4EC3-92C4-4E07-9672-9D39BE3CB849}.Debug|ARM.ActiveCfg = Debug|Any CPU
		{D02B4EC3-92C4-4E07-9672-9D39BE3CB849}.Debug|ARM.Build.0 = Debug|Any CPU
		{D02B4EC3-92C4-4E07-9672-9D39BE3CB849}.Debug|ARM64.ActiveCfg = Debug|Any CPU
		{D02B4EC3-92C4-4E07-9672-9D39BE3CB849}.Debug|ARM64.Build.0 = Debug|Any CPU
		{D02B4EC3-92C4-4E07-9672-9D39BE3CB849}.Debug|x64.ActiveCfg = Debug|Any CPU
		{D02B4EC3-92C4-4E07-9672-9D39BE3CB849}.Debug|x64.Build.0 = Debug|Any CPU
		{D02B4EC3-92C4-4E07-9672-9D39BE3CB849}.Debug|x86.ActiveCfg = Debug|Any CPU
		{D02B4EC3-92C4-4E07-9672-9D39BE3CB849}.Debug|x86.Build.0 = Debug|Any CPU
		{D02B4EC3-92C4-4E07-9672-9D39BE3CB849}.Release|Any CPU.ActiveCfg = Release|Any CPU
		{D02B4EC3-92C4-4E07-9672-9D39BE3CB849}.Release|Any CPU.Build.0 = Release|Any CPU
		{D02B4EC3-92C4-4E07-9672-9D39BE3CB849}.Release|ARM.ActiveCfg = Release|Any CPU
		{D02B4EC3-92C4-4E07-9672-9D39BE3CB849}.Release|ARM.Build.0 = Release|Any CPU
		{D02B4EC3-92C4-4E07-9672-9D39BE3CB849}.Release|ARM64.ActiveCfg = Release|Any CPU
		{D02B4EC3-92C4-4E07-9672-9D39BE3CB849}.Release|ARM64.Build.0 = Release|Any CPU
		{D02B4EC3-92C4-4E07-9672-9D39BE3CB849}.Release|x64.ActiveCfg = Release|Any CPU
		{D02B4EC3-92C4-4E07-9672-9D39BE3CB849}.Release|x64.Build.0 = Release|Any CPU
		{D02B4EC3-92C4-4E07-9672-9D39BE3CB849}.Release|x86.ActiveCfg = Release|Any CPU
		{D02B4EC3-92C4-4E07-9672-9D39BE3CB849}.Release|x86.Build.0 = Release|Any CPU
		{27CCF978-EC6E-4823-A167-D82429B1B639}.Debug|Any CPU.ActiveCfg = Debug|Any CPU
		{27CCF978-EC6E-4823-A167-D82429B1B639}.Debug|Any CPU.Build.0 = Debug|Any CPU
		{27CCF978-EC6E-4823-A167-D82429B1B639}.Debug|ARM.ActiveCfg = Debug|Any CPU
		{27CCF978-EC6E-4823-A167-D82429B1B639}.Debug|ARM.Build.0 = Debug|Any CPU
		{27CCF978-EC6E-4823-A167-D82429B1B639}.Debug|ARM64.ActiveCfg = Debug|Any CPU
		{27CCF978-EC6E-4823-A167-D82429B1B639}.Debug|ARM64.Build.0 = Debug|Any CPU
		{27CCF978-EC6E-4823-A167-D82429B1B639}.Debug|x64.ActiveCfg = Debug|Any CPU
		{27CCF978-EC6E-4823-A167-D82429B1B639}.Debug|x64.Build.0 = Debug|Any CPU
		{27CCF978-EC6E-4823-A167-D82429B1B639}.Debug|x86.ActiveCfg = Debug|Any CPU
		{27CCF978-EC6E-4823-A167-D82429B1B639}.Debug|x86.Build.0 = Debug|Any CPU
		{27CCF978-EC6E-4823-A167-D82429B1B639}.Release|Any CPU.ActiveCfg = Release|Any CPU
		{27CCF978-EC6E-4823-A167-D82429B1B639}.Release|Any CPU.Build.0 = Release|Any CPU
		{27CCF978-EC6E-4823-A167-D82429B1B639}.Release|ARM.ActiveCfg = Release|Any CPU
		{27CCF978-EC6E-4823-A167-D82429B1B639}.Release|ARM.Build.0 = Release|Any CPU
		{27CCF978-EC6E-4823-A167-D82429B1B639}.Release|ARM64.ActiveCfg = Release|Any CPU
		{27CCF978-EC6E-4823-A167-D82429B1B639}.Release|ARM64.Build.0 = Release|Any CPU
		{27CCF978-EC6E-4823-A167-D82429B1B639}.Release|x64.ActiveCfg = Release|Any CPU
		{27CCF978-EC6E-4823-A167-D82429B1B639}.Release|x64.Build.0 = Release|Any CPU
		{27CCF978-EC6E-4823-A167-D82429B1B639}.Release|x86.ActiveCfg = Release|Any CPU
		{27CCF978-EC6E-4823-A167-D82429B1B639}.Release|x86.Build.0 = Release|Any CPU
	EndGlobalSection
	GlobalSection(SolutionProperties) = preSolution
		HideSolutionNode = FALSE
	EndGlobalSection
	GlobalSection(ExtensibilityGlobals) = postSolution
		SolutionGuid = {4C9AFAA3-EE44-49FB-BA51-5A8611504106}
	EndGlobalSection
EndGlobal
